// !$*UTF8*$!
{
	archiveVersion = 1;
	classes = {
	};
	objectVersion = 56;
	objects = {

/* Begin PBXBuildFile section */
		0C79EE632A76DD1900EE90EA /* RequestConstants.swift in Sources */ = {isa = PBXBuildFile; fileRef = 0C79EE622A76DD1900EE90EA /* RequestConstants.swift */; };
		0C79EE662A76DDFF00EE90EA /* NftDetailViewController.swift in Sources */ = {isa = PBXBuildFile; fileRef = 0C79EE652A76DDFF00EE90EA /* NftDetailViewController.swift */; };
		0C79EE682A76DE0900EE90EA /* NftDetailPresenter.swift in Sources */ = {isa = PBXBuildFile; fileRef = 0C79EE672A76DE0900EE90EA /* NftDetailPresenter.swift */; };
		0C79EE6A2A76DE1000EE90EA /* NftDetailAssembly.swift in Sources */ = {isa = PBXBuildFile; fileRef = 0C79EE692A76DE1000EE90EA /* NftDetailAssembly.swift */; };
		0C79EE6C2A76DE2E00EE90EA /* ServicesAssemly.swift in Sources */ = {isa = PBXBuildFile; fileRef = 0C79EE6B2A76DE2E00EE90EA /* ServicesAssemly.swift */; };
		0CF2C2DB2A783C1B00FDC837 /* LoadingView.swift in Sources */ = {isa = PBXBuildFile; fileRef = 0CF2C2DA2A783C1B00FDC837 /* LoadingView.swift */; };
		0CF2C2DD2A783CE600FDC837 /* ErrorView.swift in Sources */ = {isa = PBXBuildFile; fileRef = 0CF2C2DC2A783CE600FDC837 /* ErrorView.swift */; };
		0CF2C2E12A784C7000FDC837 /* LinePageControl.swift in Sources */ = {isa = PBXBuildFile; fileRef = 0CF2C2E02A784C7000FDC837 /* LinePageControl.swift */; };
		0CFCB7402A78002A0009A829 /* NftServiceCatalog.swift in Sources */ = {isa = PBXBuildFile; fileRef = 0CFCB73F2A78002A0009A829 /* NftServiceCatalog.swift */; };
		0CFCB7422A78013E0009A829 /* Nft.swift in Sources */ = {isa = PBXBuildFile; fileRef = 0CFCB7412A78013E0009A829 /* Nft.swift */; };
		0CFCB7442A7802440009A829 /* NftDetailInput.swift in Sources */ = {isa = PBXBuildFile; fileRef = 0CFCB7432A7802440009A829 /* NftDetailInput.swift */; };
		0CFCB7462A78064B0009A829 /* NftDetailCellModel.swift in Sources */ = {isa = PBXBuildFile; fileRef = 0CFCB7452A78064B0009A829 /* NftDetailCellModel.swift */; };
		0CFCB7492A7808900009A829 /* TestCatalogController.swift in Sources */ = {isa = PBXBuildFile; fileRef = 0CFCB7482A7808900009A829 /* TestCatalogController.swift */; };
		0CFCB74B2A780EA80009A829 /* UIView+Constraints.swift in Sources */ = {isa = PBXBuildFile; fileRef = 0CFCB74A2A780EA80009A829 /* UIView+Constraints.swift */; };
		0CFCB74E2A7817DC0009A829 /* NftStorageCatalog.swift in Sources */ = {isa = PBXBuildFile; fileRef = 0CFCB74D2A7817DC0009A829 /* NftStorageCatalog.swift */; };
		1F34A19B2B8224CF0005DB01 /* StatisticsService.swift in Sources */ = {isa = PBXBuildFile; fileRef = 1F34A19A2B8224CF0005DB01 /* StatisticsService.swift */; };
		1F34A19E2B8227E30005DB01 /* ModelUserProfileServer.swift in Sources */ = {isa = PBXBuildFile; fileRef = 1F34A19D2B8227E30005DB01 /* ModelUserProfileServer.swift */; };
		1F3A77D52B7B8C550082CC69 /* StatisticsViewController.swift in Sources */ = {isa = PBXBuildFile; fileRef = 1F3A77D42B7B8C550082CC69 /* StatisticsViewController.swift */; };
		1F3A77D82B7B97250082CC69 /* StatisticsCell.swift in Sources */ = {isa = PBXBuildFile; fileRef = 1F3A77D72B7B97250082CC69 /* StatisticsCell.swift */; };
		1F57ADF02B8F2C0F0092909C /* ModelOrder.swift in Sources */ = {isa = PBXBuildFile; fileRef = 1F57ADEF2B8F2C0F0092909C /* ModelOrder.swift */; };
		1F57AE252B935B5B0092909C /* ModelAlert.swift in Sources */ = {isa = PBXBuildFile; fileRef = 1F57AE242B935B5B0092909C /* ModelAlert.swift */; };
		1F57AE272B935E0F0092909C /* AlertPresenter.swift in Sources */ = {isa = PBXBuildFile; fileRef = 1F57AE262B935E0F0092909C /* AlertPresenter.swift */; };
		1F57AE292B935E750092909C /* AlertPresenterProtocol.swift in Sources */ = {isa = PBXBuildFile; fileRef = 1F57AE282B935E750092909C /* AlertPresenterProtocol.swift */; };
		1F57AE2B2B935EBD0092909C /* AlertPresenterDelegate.swift in Sources */ = {isa = PBXBuildFile; fileRef = 1F57AE2A2B935EBD0092909C /* AlertPresenterDelegate.swift */; };
		1F635C3C2B83F8FD00593A57 /* UIBlockingProgressHUD.swift in Sources */ = {isa = PBXBuildFile; fileRef = 1F635C3B2B83F8FD00593A57 /* UIBlockingProgressHUD.swift */; };
		1F635C3E2B851F0700593A57 /* ModelUserProfile.swift in Sources */ = {isa = PBXBuildFile; fileRef = 1F635C3D2B851F0700593A57 /* ModelUserProfile.swift */; };
		1FCE8FE22B8741970086E727 /* UserPageStatisticsViewController.swift in Sources */ = {isa = PBXBuildFile; fileRef = 1FCE8FE12B8741970086E727 /* UserPageStatisticsViewController.swift */; };
		1FCE8FE72B88B44F0086E727 /* WebViewViewController.swift in Sources */ = {isa = PBXBuildFile; fileRef = 1FCE8FE62B88B44F0086E727 /* WebViewViewController.swift */; };
		1FCE8FE92B89D56F0086E727 /* NftUsersCollectionStatisticsVC.swift in Sources */ = {isa = PBXBuildFile; fileRef = 1FCE8FE82B89D56F0086E727 /* NftUsersCollectionStatisticsVC.swift */; };
		1FCE8FEB2B89DC870086E727 /* NftUsersCollectionStatisticsViewCell.swift in Sources */ = {isa = PBXBuildFile; fileRef = 1FCE8FEA2B89DC870086E727 /* NftUsersCollectionStatisticsViewCell.swift */; };
		1FCE8FED2B8B58690086E727 /* ModelNFtByID.swift in Sources */ = {isa = PBXBuildFile; fileRef = 1FCE8FEC2B8B58690086E727 /* ModelNFtByID.swift */; };
		1FCE8FEF2B8BD10A0086E727 /* EnumSortBy.swift in Sources */ = {isa = PBXBuildFile; fileRef = 1FCE8FEE2B8BD10A0086E727 /* EnumSortBy.swift */; };
		1FCE8FF12B8C8E250086E727 /* ModelMainProfile.swift in Sources */ = {isa = PBXBuildFile; fileRef = 1FCE8FF02B8C8E250086E727 /* ModelMainProfile.swift */; };
		36D7D023BD2A3C89979D0870 /* ProfileService.swift in Sources */ = {isa = PBXBuildFile; fileRef = 36D7DD174FB113EABC762A42 /* ProfileService.swift */; };
		36D7D081F3B147754529DB10 /* UpdateLikesRequest.swift in Sources */ = {isa = PBXBuildFile; fileRef = 36D7D7E6E1201D00E02F5B24 /* UpdateLikesRequest.swift */; };
		36D7D0AA00947F41A70DFEDC /* Profile.swift in Sources */ = {isa = PBXBuildFile; fileRef = 36D7D7E7C2C5138A5921D9A2 /* Profile.swift */; };
		36D7D11B30DDBFDCD16366B3 /* ProfileViewTests.swift in Sources */ = {isa = PBXBuildFile; fileRef = 36D7D514085CDE57DC1D008A /* ProfileViewTests.swift */; };
		36D7D230DC1A381CFB8D84A3 /* MockProfileService.swift in Sources */ = {isa = PBXBuildFile; fileRef = 36D7D963DED8E3343A4BB550 /* MockProfileService.swift */; };
		36D7D2C0E706FE202D955D94 /* WebPresenter.swift in Sources */ = {isa = PBXBuildFile; fileRef = 36D7D537C51D2DFBF68A7F26 /* WebPresenter.swift */; };
		36D7D31C861F33EFAC0C06ED /* ProfileDetailsTableViewCell.swift in Sources */ = {isa = PBXBuildFile; fileRef = 36D7D3E4CF0E83A85A0224E4 /* ProfileDetailsTableViewCell.swift */; };
		36D7D34AB3D1571A1ABC9326 /* ProfileNFTPresenter.swift in Sources */ = {isa = PBXBuildFile; fileRef = 36D7D0416BE53649E6436FAC /* ProfileNFTPresenter.swift */; };
		36D7D44C7AB13B58D6AE7A1C /* WebPresenterInput.swift in Sources */ = {isa = PBXBuildFile; fileRef = 36D7D7FDE0A1BF650B258471 /* WebPresenterInput.swift */; };
		36D7D4D2D341AF08039E8D2C /* PlaceholderView.swift in Sources */ = {isa = PBXBuildFile; fileRef = 36D7DC88BAFD65DD867FC2DB /* PlaceholderView.swift */; };
		36D7D51CB43C8541FABB3223 /* WebViewController.swift in Sources */ = {isa = PBXBuildFile; fileRef = 36D7DD0248E1E9E94896914C /* WebViewController.swift */; };
		36D7D5536FDAB0755DF7DCD0 /* MyNFTCell.swift in Sources */ = {isa = PBXBuildFile; fileRef = 36D7D64029BD2180205A60AA /* MyNFTCell.swift */; };
		36D7D5B0205D44D9D8EF1CD8 /* ProfileViewControllerSpy.swift in Sources */ = {isa = PBXBuildFile; fileRef = 36D7D471B230CDBBF72BB8F4 /* ProfileViewControllerSpy.swift */; };
		36D7D73403402D99CF7CFA7B /* ProfileViewController.swift in Sources */ = {isa = PBXBuildFile; fileRef = 36D7D03436AC981C388851DB /* ProfileViewController.swift */; };
		36D7D747ACDD4A5E197D8834 /* ProfilePresenter.swift in Sources */ = {isa = PBXBuildFile; fileRef = 36D7D057AA013B9962A45731 /* ProfilePresenter.swift */; };
		36D7D83ECF9D60B281CAB98A /* FetchProfileRequest.swift in Sources */ = {isa = PBXBuildFile; fileRef = 36D7D443CD6F1B058F8674A2 /* FetchProfileRequest.swift */; };
		36D7D85581126CD2D7B3AF75 /* UserProfileConstants.swift in Sources */ = {isa = PBXBuildFile; fileRef = 36D7D1CD48C2F15B767306ED /* UserProfileConstants.swift */; };
		36D7D961BEAB49341B780A19 /* ProfileNFTViewController.swift in Sources */ = {isa = PBXBuildFile; fileRef = 36D7DF0EC1A5E1E4C3C3158C /* ProfileNFTViewController.swift */; };
		36D7D9D0E49A845332D018B1 /* ProfileDetailInput.swift in Sources */ = {isa = PBXBuildFile; fileRef = 36D7DBAEBF4ED308FF317B99 /* ProfileDetailInput.swift */; };
		36D7D9EA100E83065DB75526 /* NftInput.swift in Sources */ = {isa = PBXBuildFile; fileRef = 36D7D7189D8C796C23A1E24D /* NftInput.swift */; };
		36D7DA485021B361B607976A /* ProfileHelper.swift in Sources */ = {isa = PBXBuildFile; fileRef = 36D7DF04E92964EC814FE1D8 /* ProfileHelper.swift */; };
		36D7DA6021BCECC7285CFE32 /* ProfileDecomposition.md in Sources */ = {isa = PBXBuildFile; fileRef = 36D7D38FE6532421CBA89B9C /* ProfileDecomposition.md */; };
		36D7DA95064F872ABCF23C9D /* FavoriteNFTCell.swift in Sources */ = {isa = PBXBuildFile; fileRef = 36D7D89D54A02EE80A8AE25F /* FavoriteNFTCell.swift */; };
		36D7DC413FC3215A3C1C794C /* NFTViewTypes.swift in Sources */ = {isa = PBXBuildFile; fileRef = 36D7D51A1CF9100B74528B93 /* NFTViewTypes.swift */; };
		36D7DCFFC766B0773495B05F /* PlaceholderTypes.swift in Sources */ = {isa = PBXBuildFile; fileRef = 36D7DCD24779C44CA4871DDD /* PlaceholderTypes.swift */; };
		36D7DD923ED16522286CC48A /* InsetTextField.swift in Sources */ = {isa = PBXBuildFile; fileRef = 36D7D739E5FBD7072C357601 /* InsetTextField.swift */; };
		36D7DD9C3776CBB16BA6CC76 /* MockNftStorage.swift in Sources */ = {isa = PBXBuildFile; fileRef = 36D7D54C9AB352C463A74CA3 /* MockNftStorage.swift */; };
		36D7DDCA96433C6C2BAE714B /* MockNetworkClient.swift in Sources */ = {isa = PBXBuildFile; fileRef = 36D7DACA75AF06236032E0C7 /* MockNetworkClient.swift */; };
		36D7DDDA9F3251DDDF3B33A0 /* EditProfileViewController.swift in Sources */ = {isa = PBXBuildFile; fileRef = 36D7D2509D25432B3B80DAC2 /* EditProfileViewController.swift */; };
		36D7DE1CCFE332A0B4D0F224 /* ProfileRequest.swift in Sources */ = {isa = PBXBuildFile; fileRef = 36D7DF96149FC023FF0D36BE /* ProfileRequest.swift */; };
		36D7DE551E2636FC59562C58 /* MockProfileImageService.swift in Sources */ = {isa = PBXBuildFile; fileRef = 36D7DB98507C9322B1593043 /* MockProfileImageService.swift */; };
		36D7DE6223B9DB14E06E027B /* ProfileResponse.swift in Sources */ = {isa = PBXBuildFile; fileRef = 36D7D3501B17C873E38ED15B /* ProfileResponse.swift */; };
		36D7DE92ADBFA819620CD60C /* ProfilePresenterSpy.swift in Sources */ = {isa = PBXBuildFile; fileRef = 36D7D01D3ED4B10197BC4CB0 /* ProfilePresenterSpy.swift */; };
		36D7DF6DA566424F0289C33C /* UpdateProfileRequest.swift in Sources */ = {isa = PBXBuildFile; fileRef = 36D7DDCF21FC0E1DA0B328E7 /* UpdateProfileRequest.swift */; };
		3F478ECF29DB474E00F6D39E /* Colors.swift in Sources */ = {isa = PBXBuildFile; fileRef = 3F478ECE29DB474E00F6D39E /* Colors.swift */; };
		3F478ED129DB476500F6D39E /* Fonts.swift in Sources */ = {isa = PBXBuildFile; fileRef = 3F478ED029DB476500F6D39E /* Fonts.swift */; };
		3F603CCD29DB4A53000C43D7 /* ProgressHUD in Frameworks */ = {isa = PBXBuildFile; productRef = 3F603CCC29DB4A53000C43D7 /* ProgressHUD */; };
		3F603CD029DB4A74000C43D7 /* Kingfisher in Frameworks */ = {isa = PBXBuildFile; productRef = 3F603CCF29DB4A74000C43D7 /* Kingfisher */; };
		3F68069729CBBAF100B4F915 /* AppDelegate.swift in Sources */ = {isa = PBXBuildFile; fileRef = 3F68069629CBBAF100B4F915 /* AppDelegate.swift */; };
		3F68069929CBBAF100B4F915 /* SceneDelegate.swift in Sources */ = {isa = PBXBuildFile; fileRef = 3F68069829CBBAF100B4F915 /* SceneDelegate.swift */; };
		3F68069B29CBBAF100B4F915 /* ProductDetailsTableViewController.swift in Sources */ = {isa = PBXBuildFile; fileRef = 3F68069A29CBBAF100B4F915 /* ProductDetailsTableViewController.swift */; };
		3F68069E29CBBAF100B4F915 /* Main.storyboard in Resources */ = {isa = PBXBuildFile; fileRef = 3F68069C29CBBAF100B4F915 /* Main.storyboard */; };
		3F6806A029CBBAF200B4F915 /* Assets.xcassets in Resources */ = {isa = PBXBuildFile; fileRef = 3F68069F29CBBAF200B4F915 /* Assets.xcassets */; };
		3F6806A329CBBAF200B4F915 /* LaunchScreen.storyboard in Resources */ = {isa = PBXBuildFile; fileRef = 3F6806A129CBBAF200B4F915 /* LaunchScreen.storyboard */; };
		3F6806AE29CBBAF200B4F915 /* ExampleUnitTests.swift in Sources */ = {isa = PBXBuildFile; fileRef = 3F6806AD29CBBAF200B4F915 /* ExampleUnitTests.swift */; };
		3F6806B829CBBAF200B4F915 /* FakeNFTUITests.swift in Sources */ = {isa = PBXBuildFile; fileRef = 3F6806B729CBBAF200B4F915 /* FakeNFTUITests.swift */; };
		3F6806D129CBBE6B00B4F915 /* NetworkClient.swift in Sources */ = {isa = PBXBuildFile; fileRef = 3F6806D029CBBE6B00B4F915 /* NetworkClient.swift */; };
		3F6806D329CBBE9600B4F915 /* NetworkRequest.swift in Sources */ = {isa = PBXBuildFile; fileRef = 3F6806D229CBBE9600B4F915 /* NetworkRequest.swift */; };
		3F6806D529CBBEC700B4F915 /* NetworkTask.swift in Sources */ = {isa = PBXBuildFile; fileRef = 3F6806D429CBBEC700B4F915 /* NetworkTask.swift */; };
		3F6806D729CBC50A00B4F915 /* CellsReusingUtils.swift in Sources */ = {isa = PBXBuildFile; fileRef = 3F6806D629CBC50A00B4F915 /* CellsReusingUtils.swift */; };
		3FC8C38B29D242E90081F015 /* ProductDetailsTableViewCell.swift in Sources */ = {isa = PBXBuildFile; fileRef = 3FC8C38A29D242E90081F015 /* ProductDetailsTableViewCell.swift */; };
		3FC8C39129D2453B0081F015 /* ExampleRequest.swift in Sources */ = {isa = PBXBuildFile; fileRef = 3FC8C39029D2453B0081F015 /* ExampleRequest.swift */; };
		3FC8C39329D246BA0081F015 /* DateFormatters+Presets.swift in Sources */ = {isa = PBXBuildFile; fileRef = 3FC8C39229D246BA0081F015 /* DateFormatters+Presets.swift */; };
		5A03AE5C2B8F5794003CC8A2 /* NFTResult.swift in Sources */ = {isa = PBXBuildFile; fileRef = 5A03AE5B2B8F5794003CC8A2 /* NFTResult.swift */; };
		5A57F5BE2B796B4500E60F7C /* CatalogDecomposition.md in Resources */ = {isa = PBXBuildFile; fileRef = 5A57F5BD2B796B4500E60F7C /* CatalogDecomposition.md */; };
		5A5B9EC62B834B020096F7A9 /* CatalogStructs.swift in Sources */ = {isa = PBXBuildFile; fileRef = 5A5B9EC52B834B020096F7A9 /* CatalogStructs.swift */; };
		5A676FC52B7BDC5900D85438 /* NFTCollectionViewController.swift in Sources */ = {isa = PBXBuildFile; fileRef = 5A676FC42B7BDC5900D85438 /* NFTCollectionViewController.swift */; };
		5A676FC72B7BF09000D85438 /* NFTCollectionViewCell.swift in Sources */ = {isa = PBXBuildFile; fileRef = 5A676FC62B7BF09000D85438 /* NFTCollectionViewCell.swift */; };
		5A7868412B95C04E0030DB16 /* CatalogModuleAssembly.swift in Sources */ = {isa = PBXBuildFile; fileRef = 5A7868402B95C04E0030DB16 /* CatalogModuleAssembly.swift */; };
		5A7868432B95C4F10030DB16 /* NFTCollectionModuleAssembly.swift in Sources */ = {isa = PBXBuildFile; fileRef = 5A7868422B95C4F10030DB16 /* NFTCollectionModuleAssembly.swift */; };
		5A7868572B97826E0030DB16 /* CatalogWebViewViewController.swift in Sources */ = {isa = PBXBuildFile; fileRef = 5A7868562B97826D0030DB16 /* CatalogWebViewViewController.swift */; };
		5A7868592B97A1000030DB16 /* OrderStructs.swift in Sources */ = {isa = PBXBuildFile; fileRef = 5A7868582B97A1000030DB16 /* OrderStructs.swift */; };
		5A78685B2B97A17E0030DB16 /* OrderRequest.swift in Sources */ = {isa = PBXBuildFile; fileRef = 5A78685A2B97A17E0030DB16 /* OrderRequest.swift */; };
		5A78685D2B97A18E0030DB16 /* OrderService.swift in Sources */ = {isa = PBXBuildFile; fileRef = 5A78685C2B97A18E0030DB16 /* OrderService.swift */; };
		5A8B528B2B7A9FF600645AA3 /* CatalogViewController.swift in Sources */ = {isa = PBXBuildFile; fileRef = 5A8B528A2B7A9FF600645AA3 /* CatalogViewController.swift */; };
		5A8B528E2B7AB01D00645AA3 /* NFTTableViewCell.swift in Sources */ = {isa = PBXBuildFile; fileRef = 5A8B528D2B7AB01D00645AA3 /* NFTTableViewCell.swift */; };
		5A8D6E772B878331007A17E5 /* NftModel.swift in Sources */ = {isa = PBXBuildFile; fileRef = 5A8D6E762B878331007A17E5 /* NftModel.swift */; };
		5A8D6E792B8795CD007A17E5 /* CollectionsResult.swift in Sources */ = {isa = PBXBuildFile; fileRef = 5A8D6E782B8795CD007A17E5 /* CollectionsResult.swift */; };
		5A8D6E7B2B87960D007A17E5 /* CollectionsModel.swift in Sources */ = {isa = PBXBuildFile; fileRef = 5A8D6E7A2B87960D007A17E5 /* CollectionsModel.swift */; };
		5A8D6E7D2B8797F6007A17E5 /* CollectionsService.swift in Sources */ = {isa = PBXBuildFile; fileRef = 5A8D6E7C2B8797F6007A17E5 /* CollectionsService.swift */; };
		5A8D6E7F2B879883007A17E5 /* CollectionsRequest.swift in Sources */ = {isa = PBXBuildFile; fileRef = 5A8D6E7E2B879883007A17E5 /* CollectionsRequest.swift */; };
		5AD8B3492B7DF21F002D6894 /* CatalogViewPresenter.swift in Sources */ = {isa = PBXBuildFile; fileRef = 5AD8B3482B7DF21F002D6894 /* CatalogViewPresenter.swift */; };
		5AD8B34B2B7DF660002D6894 /* NFTCollectionViewPresenter.swift in Sources */ = {isa = PBXBuildFile; fileRef = 5AD8B34A2B7DF660002D6894 /* NFTCollectionViewPresenter.swift */; };
		5ADD6D042B909136008880A6 /* NFTStorage.swift in Sources */ = {isa = PBXBuildFile; fileRef = 5ADD6D032B909136008880A6 /* NFTStorage.swift */; };
		5ADD6D062B90922C008880A6 /* NFTService.swift in Sources */ = {isa = PBXBuildFile; fileRef = 5ADD6D052B90922C008880A6 /* NFTService.swift */; };
		5ADD6D082B909297008880A6 /* NFTRequest.swift in Sources */ = {isa = PBXBuildFile; fileRef = 5ADD6D072B909297008880A6 /* NFTRequest.swift */; };
		5AF0DC282B93360C00533360 /* UserDefaultsManager.swift in Sources */ = {isa = PBXBuildFile; fileRef = 5AF0DC272B93360C00533360 /* UserDefaultsManager.swift */; };
		E19CD5AB2A98B56600CA39A5 /* NftImageCollectionViewCell.swift in Sources */ = {isa = PBXBuildFile; fileRef = E19CD5AA2A98B56600CA39A5 /* NftImageCollectionViewCell.swift */; };
		E1A1B9DA2AA01CE400C3AFBC /* TabBarController.swift in Sources */ = {isa = PBXBuildFile; fileRef = E1A1B9D92AA01CE400C3AFBC /* TabBarController.swift */; };
		E1CD40DC2A96BECC00BE7FE8 /* Localizable.strings in Resources */ = {isa = PBXBuildFile; fileRef = E1CD40DB2A96BECC00BE7FE8 /* Localizable.strings */; };
/* End PBXBuildFile section */

/* Begin PBXContainerItemProxy section */
		3F6806AA29CBBAF200B4F915 /* PBXContainerItemProxy */ = {
			isa = PBXContainerItemProxy;
			containerPortal = 3F68068B29CBBAF100B4F915 /* Project object */;
			proxyType = 1;
			remoteGlobalIDString = 3F68069229CBBAF100B4F915;
			remoteInfo = FakeNFT;
		};
		3F6806B429CBBAF200B4F915 /* PBXContainerItemProxy */ = {
			isa = PBXContainerItemProxy;
			containerPortal = 3F68068B29CBBAF100B4F915 /* Project object */;
			proxyType = 1;
			remoteGlobalIDString = 3F68069229CBBAF100B4F915;
			remoteInfo = FakeNFT;
		};
/* End PBXContainerItemProxy section */

/* Begin PBXFileReference section */
		0C79EE622A76DD1900EE90EA /* RequestConstants.swift */ = {isa = PBXFileReference; lastKnownFileType = sourcecode.swift; path = RequestConstants.swift; sourceTree = "<group>"; };
		0C79EE652A76DDFF00EE90EA /* NftDetailViewController.swift */ = {isa = PBXFileReference; lastKnownFileType = sourcecode.swift; path = NftDetailViewController.swift; sourceTree = "<group>"; };
		0C79EE672A76DE0900EE90EA /* NftDetailPresenter.swift */ = {isa = PBXFileReference; lastKnownFileType = sourcecode.swift; path = NftDetailPresenter.swift; sourceTree = "<group>"; };
		0C79EE692A76DE1000EE90EA /* NftDetailAssembly.swift */ = {isa = PBXFileReference; lastKnownFileType = sourcecode.swift; path = NftDetailAssembly.swift; sourceTree = "<group>"; };
		0C79EE6B2A76DE2E00EE90EA /* ServicesAssemly.swift */ = {isa = PBXFileReference; lastKnownFileType = sourcecode.swift; path = ServicesAssemly.swift; sourceTree = "<group>"; };
		0CF2C2DA2A783C1B00FDC837 /* LoadingView.swift */ = {isa = PBXFileReference; lastKnownFileType = sourcecode.swift; path = LoadingView.swift; sourceTree = "<group>"; };
		0CF2C2DC2A783CE600FDC837 /* ErrorView.swift */ = {isa = PBXFileReference; lastKnownFileType = sourcecode.swift; path = ErrorView.swift; sourceTree = "<group>"; };
		0CF2C2E02A784C7000FDC837 /* LinePageControl.swift */ = {isa = PBXFileReference; lastKnownFileType = sourcecode.swift; path = LinePageControl.swift; sourceTree = "<group>"; };
		0CFCB73F2A78002A0009A829 /* NftServiceCatalog.swift */ = {isa = PBXFileReference; lastKnownFileType = sourcecode.swift; path = NftServiceCatalog.swift; sourceTree = "<group>"; };
		0CFCB7412A78013E0009A829 /* Nft.swift */ = {isa = PBXFileReference; lastKnownFileType = sourcecode.swift; path = Nft.swift; sourceTree = "<group>"; };
		0CFCB7432A7802440009A829 /* NftDetailInput.swift */ = {isa = PBXFileReference; lastKnownFileType = sourcecode.swift; path = NftDetailInput.swift; sourceTree = "<group>"; };
		0CFCB7452A78064B0009A829 /* NftDetailCellModel.swift */ = {isa = PBXFileReference; lastKnownFileType = sourcecode.swift; path = NftDetailCellModel.swift; sourceTree = "<group>"; };
		0CFCB7482A7808900009A829 /* TestCatalogController.swift */ = {isa = PBXFileReference; lastKnownFileType = sourcecode.swift; path = TestCatalogController.swift; sourceTree = "<group>"; };
		0CFCB74A2A780EA80009A829 /* UIView+Constraints.swift */ = {isa = PBXFileReference; lastKnownFileType = sourcecode.swift; path = "UIView+Constraints.swift"; sourceTree = "<group>"; };
		0CFCB74D2A7817DC0009A829 /* NftStorageCatalog.swift */ = {isa = PBXFileReference; lastKnownFileType = sourcecode.swift; path = NftStorageCatalog.swift; sourceTree = "<group>"; };
		1F34A19A2B8224CF0005DB01 /* StatisticsService.swift */ = {isa = PBXFileReference; lastKnownFileType = sourcecode.swift; path = StatisticsService.swift; sourceTree = "<group>"; };
		1F34A19D2B8227E30005DB01 /* ModelUserProfileServer.swift */ = {isa = PBXFileReference; lastKnownFileType = sourcecode.swift; path = ModelUserProfileServer.swift; sourceTree = "<group>"; };
		1F3A77D12B7B7ECD0082CC69 /* StatisticsDecomposition.md */ = {isa = PBXFileReference; lastKnownFileType = net.daringfireball.markdown; path = StatisticsDecomposition.md; sourceTree = "<group>"; };
		1F3A77D42B7B8C550082CC69 /* StatisticsViewController.swift */ = {isa = PBXFileReference; lastKnownFileType = sourcecode.swift; path = StatisticsViewController.swift; sourceTree = "<group>"; };
		1F3A77D72B7B97250082CC69 /* StatisticsCell.swift */ = {isa = PBXFileReference; lastKnownFileType = sourcecode.swift; path = StatisticsCell.swift; sourceTree = "<group>"; };
		1F57ADEF2B8F2C0F0092909C /* ModelOrder.swift */ = {isa = PBXFileReference; lastKnownFileType = sourcecode.swift; path = ModelOrder.swift; sourceTree = "<group>"; };
		1F57AE242B935B5B0092909C /* ModelAlert.swift */ = {isa = PBXFileReference; lastKnownFileType = sourcecode.swift; path = ModelAlert.swift; sourceTree = "<group>"; };
		1F57AE262B935E0F0092909C /* AlertPresenter.swift */ = {isa = PBXFileReference; lastKnownFileType = sourcecode.swift; path = AlertPresenter.swift; sourceTree = "<group>"; };
		1F57AE282B935E750092909C /* AlertPresenterProtocol.swift */ = {isa = PBXFileReference; lastKnownFileType = sourcecode.swift; path = AlertPresenterProtocol.swift; sourceTree = "<group>"; };
		1F57AE2A2B935EBD0092909C /* AlertPresenterDelegate.swift */ = {isa = PBXFileReference; lastKnownFileType = sourcecode.swift; path = AlertPresenterDelegate.swift; sourceTree = "<group>"; };
		1F635C3B2B83F8FD00593A57 /* UIBlockingProgressHUD.swift */ = {isa = PBXFileReference; lastKnownFileType = sourcecode.swift; path = UIBlockingProgressHUD.swift; sourceTree = "<group>"; };
		1F635C3D2B851F0700593A57 /* ModelUserProfile.swift */ = {isa = PBXFileReference; lastKnownFileType = sourcecode.swift; path = ModelUserProfile.swift; sourceTree = "<group>"; };
		1FCE8FE12B8741970086E727 /* UserPageStatisticsViewController.swift */ = {isa = PBXFileReference; lastKnownFileType = sourcecode.swift; path = UserPageStatisticsViewController.swift; sourceTree = "<group>"; };
		1FCE8FE62B88B44F0086E727 /* WebViewViewController.swift */ = {isa = PBXFileReference; lastKnownFileType = sourcecode.swift; path = WebViewViewController.swift; sourceTree = "<group>"; };
		1FCE8FE82B89D56F0086E727 /* NftUsersCollectionStatisticsVC.swift */ = {isa = PBXFileReference; lastKnownFileType = sourcecode.swift; path = NftUsersCollectionStatisticsVC.swift; sourceTree = "<group>"; };
		1FCE8FEA2B89DC870086E727 /* NftUsersCollectionStatisticsViewCell.swift */ = {isa = PBXFileReference; lastKnownFileType = sourcecode.swift; path = NftUsersCollectionStatisticsViewCell.swift; sourceTree = "<group>"; };
		1FCE8FEC2B8B58690086E727 /* ModelNFtByID.swift */ = {isa = PBXFileReference; lastKnownFileType = sourcecode.swift; path = ModelNFtByID.swift; sourceTree = "<group>"; };
		1FCE8FEE2B8BD10A0086E727 /* EnumSortBy.swift */ = {isa = PBXFileReference; lastKnownFileType = sourcecode.swift; path = EnumSortBy.swift; sourceTree = "<group>"; };
		1FCE8FF02B8C8E250086E727 /* ModelMainProfile.swift */ = {isa = PBXFileReference; lastKnownFileType = sourcecode.swift; path = ModelMainProfile.swift; sourceTree = "<group>"; };
		36D7D01D3ED4B10197BC4CB0 /* ProfilePresenterSpy.swift */ = {isa = PBXFileReference; fileEncoding = 4; lastKnownFileType = sourcecode.swift; path = ProfilePresenterSpy.swift; sourceTree = "<group>"; };
		36D7D03436AC981C388851DB /* ProfileViewController.swift */ = {isa = PBXFileReference; fileEncoding = 4; lastKnownFileType = sourcecode.swift; path = ProfileViewController.swift; sourceTree = "<group>"; };
		36D7D0416BE53649E6436FAC /* ProfileNFTPresenter.swift */ = {isa = PBXFileReference; fileEncoding = 4; lastKnownFileType = sourcecode.swift; path = ProfileNFTPresenter.swift; sourceTree = "<group>"; };
		36D7D057AA013B9962A45731 /* ProfilePresenter.swift */ = {isa = PBXFileReference; fileEncoding = 4; lastKnownFileType = sourcecode.swift; path = ProfilePresenter.swift; sourceTree = "<group>"; };
		36D7D1CD48C2F15B767306ED /* UserProfileConstants.swift */ = {isa = PBXFileReference; fileEncoding = 4; lastKnownFileType = sourcecode.swift; path = UserProfileConstants.swift; sourceTree = "<group>"; };
		36D7D2509D25432B3B80DAC2 /* EditProfileViewController.swift */ = {isa = PBXFileReference; fileEncoding = 4; lastKnownFileType = sourcecode.swift; path = EditProfileViewController.swift; sourceTree = "<group>"; };
		36D7D3501B17C873E38ED15B /* ProfileResponse.swift */ = {isa = PBXFileReference; fileEncoding = 4; lastKnownFileType = sourcecode.swift; path = ProfileResponse.swift; sourceTree = "<group>"; };
		36D7D38FE6532421CBA89B9C /* ProfileDecomposition.md */ = {isa = PBXFileReference; fileEncoding = 4; lastKnownFileType = net.daringfireball.markdown; path = ProfileDecomposition.md; sourceTree = "<group>"; };
		36D7D3E4CF0E83A85A0224E4 /* ProfileDetailsTableViewCell.swift */ = {isa = PBXFileReference; fileEncoding = 4; lastKnownFileType = sourcecode.swift; path = ProfileDetailsTableViewCell.swift; sourceTree = "<group>"; };
		36D7D443CD6F1B058F8674A2 /* FetchProfileRequest.swift */ = {isa = PBXFileReference; fileEncoding = 4; lastKnownFileType = sourcecode.swift; path = FetchProfileRequest.swift; sourceTree = "<group>"; };
		36D7D471B230CDBBF72BB8F4 /* ProfileViewControllerSpy.swift */ = {isa = PBXFileReference; fileEncoding = 4; lastKnownFileType = sourcecode.swift; path = ProfileViewControllerSpy.swift; sourceTree = "<group>"; };
		36D7D514085CDE57DC1D008A /* ProfileViewTests.swift */ = {isa = PBXFileReference; fileEncoding = 4; lastKnownFileType = sourcecode.swift; path = ProfileViewTests.swift; sourceTree = "<group>"; };
		36D7D51A1CF9100B74528B93 /* NFTViewTypes.swift */ = {isa = PBXFileReference; fileEncoding = 4; lastKnownFileType = sourcecode.swift; path = NFTViewTypes.swift; sourceTree = "<group>"; };
		36D7D537C51D2DFBF68A7F26 /* WebPresenter.swift */ = {isa = PBXFileReference; fileEncoding = 4; lastKnownFileType = sourcecode.swift; path = WebPresenter.swift; sourceTree = "<group>"; };
		36D7D54C9AB352C463A74CA3 /* MockNftStorage.swift */ = {isa = PBXFileReference; fileEncoding = 4; lastKnownFileType = sourcecode.swift; path = MockNftStorage.swift; sourceTree = "<group>"; };
		36D7D64029BD2180205A60AA /* MyNFTCell.swift */ = {isa = PBXFileReference; fileEncoding = 4; lastKnownFileType = sourcecode.swift; path = MyNFTCell.swift; sourceTree = "<group>"; };
		36D7D7189D8C796C23A1E24D /* NftInput.swift */ = {isa = PBXFileReference; fileEncoding = 4; lastKnownFileType = sourcecode.swift; path = NftInput.swift; sourceTree = "<group>"; };
		36D7D739E5FBD7072C357601 /* InsetTextField.swift */ = {isa = PBXFileReference; fileEncoding = 4; lastKnownFileType = sourcecode.swift; path = InsetTextField.swift; sourceTree = "<group>"; };
		36D7D7E6E1201D00E02F5B24 /* UpdateLikesRequest.swift */ = {isa = PBXFileReference; fileEncoding = 4; lastKnownFileType = sourcecode.swift; path = UpdateLikesRequest.swift; sourceTree = "<group>"; };
		36D7D7E7C2C5138A5921D9A2 /* Profile.swift */ = {isa = PBXFileReference; fileEncoding = 4; lastKnownFileType = sourcecode.swift; path = Profile.swift; sourceTree = "<group>"; };
		36D7D7FDE0A1BF650B258471 /* WebPresenterInput.swift */ = {isa = PBXFileReference; fileEncoding = 4; lastKnownFileType = sourcecode.swift; path = WebPresenterInput.swift; sourceTree = "<group>"; };
		36D7D89D54A02EE80A8AE25F /* FavoriteNFTCell.swift */ = {isa = PBXFileReference; fileEncoding = 4; lastKnownFileType = sourcecode.swift; path = FavoriteNFTCell.swift; sourceTree = "<group>"; };
		36D7D963DED8E3343A4BB550 /* MockProfileService.swift */ = {isa = PBXFileReference; fileEncoding = 4; lastKnownFileType = sourcecode.swift; path = MockProfileService.swift; sourceTree = "<group>"; };
		36D7DACA75AF06236032E0C7 /* MockNetworkClient.swift */ = {isa = PBXFileReference; fileEncoding = 4; lastKnownFileType = sourcecode.swift; path = MockNetworkClient.swift; sourceTree = "<group>"; };
		36D7DB98507C9322B1593043 /* MockProfileImageService.swift */ = {isa = PBXFileReference; fileEncoding = 4; lastKnownFileType = sourcecode.swift; path = MockProfileImageService.swift; sourceTree = "<group>"; };
		36D7DBAEBF4ED308FF317B99 /* ProfileDetailInput.swift */ = {isa = PBXFileReference; fileEncoding = 4; lastKnownFileType = sourcecode.swift; path = ProfileDetailInput.swift; sourceTree = "<group>"; };
		36D7DC88BAFD65DD867FC2DB /* PlaceholderView.swift */ = {isa = PBXFileReference; fileEncoding = 4; lastKnownFileType = sourcecode.swift; path = PlaceholderView.swift; sourceTree = "<group>"; };
		36D7DCD24779C44CA4871DDD /* PlaceholderTypes.swift */ = {isa = PBXFileReference; fileEncoding = 4; lastKnownFileType = sourcecode.swift; path = PlaceholderTypes.swift; sourceTree = "<group>"; };
		36D7DD0248E1E9E94896914C /* WebViewController.swift */ = {isa = PBXFileReference; fileEncoding = 4; lastKnownFileType = sourcecode.swift; path = WebViewController.swift; sourceTree = "<group>"; };
		36D7DD174FB113EABC762A42 /* ProfileService.swift */ = {isa = PBXFileReference; fileEncoding = 4; lastKnownFileType = sourcecode.swift; path = ProfileService.swift; sourceTree = "<group>"; };
		36D7DDCF21FC0E1DA0B328E7 /* UpdateProfileRequest.swift */ = {isa = PBXFileReference; fileEncoding = 4; lastKnownFileType = sourcecode.swift; path = UpdateProfileRequest.swift; sourceTree = "<group>"; };
		36D7DF04E92964EC814FE1D8 /* ProfileHelper.swift */ = {isa = PBXFileReference; fileEncoding = 4; lastKnownFileType = sourcecode.swift; path = ProfileHelper.swift; sourceTree = "<group>"; };
		36D7DF0EC1A5E1E4C3C3158C /* ProfileNFTViewController.swift */ = {isa = PBXFileReference; fileEncoding = 4; lastKnownFileType = sourcecode.swift; path = ProfileNFTViewController.swift; sourceTree = "<group>"; };
		36D7DF96149FC023FF0D36BE /* ProfileRequest.swift */ = {isa = PBXFileReference; fileEncoding = 4; lastKnownFileType = sourcecode.swift; path = ProfileRequest.swift; sourceTree = "<group>"; };
		3F478ECE29DB474E00F6D39E /* Colors.swift */ = {isa = PBXFileReference; lastKnownFileType = sourcecode.swift; path = Colors.swift; sourceTree = "<group>"; };
		3F478ED029DB476500F6D39E /* Fonts.swift */ = {isa = PBXFileReference; lastKnownFileType = sourcecode.swift; path = Fonts.swift; sourceTree = "<group>"; };
		3F68069329CBBAF100B4F915 /* FakeNFT.app */ = {isa = PBXFileReference; explicitFileType = wrapper.application; includeInIndex = 0; path = FakeNFT.app; sourceTree = BUILT_PRODUCTS_DIR; };
		3F68069629CBBAF100B4F915 /* AppDelegate.swift */ = {isa = PBXFileReference; lastKnownFileType = sourcecode.swift; path = AppDelegate.swift; sourceTree = "<group>"; };
		3F68069829CBBAF100B4F915 /* SceneDelegate.swift */ = {isa = PBXFileReference; lastKnownFileType = sourcecode.swift; path = SceneDelegate.swift; sourceTree = "<group>"; };
		3F68069A29CBBAF100B4F915 /* ProductDetailsTableViewController.swift */ = {isa = PBXFileReference; lastKnownFileType = sourcecode.swift; path = ProductDetailsTableViewController.swift; sourceTree = "<group>"; };
		3F68069D29CBBAF100B4F915 /* Base */ = {isa = PBXFileReference; lastKnownFileType = file.storyboard; name = Base; path = Base.lproj/Main.storyboard; sourceTree = "<group>"; };
		3F68069F29CBBAF200B4F915 /* Assets.xcassets */ = {isa = PBXFileReference; lastKnownFileType = folder.assetcatalog; path = Assets.xcassets; sourceTree = "<group>"; };
		3F6806A229CBBAF200B4F915 /* Base */ = {isa = PBXFileReference; lastKnownFileType = file.storyboard; name = Base; path = Base.lproj/LaunchScreen.storyboard; sourceTree = "<group>"; };
		3F6806A429CBBAF200B4F915 /* Info.plist */ = {isa = PBXFileReference; lastKnownFileType = text.plist.xml; path = Info.plist; sourceTree = "<group>"; };
		3F6806A929CBBAF200B4F915 /* FakeNFTTests.xctest */ = {isa = PBXFileReference; explicitFileType = wrapper.cfbundle; includeInIndex = 0; path = FakeNFTTests.xctest; sourceTree = BUILT_PRODUCTS_DIR; };
		3F6806AD29CBBAF200B4F915 /* ExampleUnitTests.swift */ = {isa = PBXFileReference; lastKnownFileType = sourcecode.swift; path = ExampleUnitTests.swift; sourceTree = "<group>"; };
		3F6806B329CBBAF200B4F915 /* FakeNFTUITests.xctest */ = {isa = PBXFileReference; explicitFileType = wrapper.cfbundle; includeInIndex = 0; path = FakeNFTUITests.xctest; sourceTree = BUILT_PRODUCTS_DIR; };
		3F6806B729CBBAF200B4F915 /* FakeNFTUITests.swift */ = {isa = PBXFileReference; lastKnownFileType = sourcecode.swift; path = FakeNFTUITests.swift; sourceTree = "<group>"; };
		3F6806D029CBBE6B00B4F915 /* NetworkClient.swift */ = {isa = PBXFileReference; lastKnownFileType = sourcecode.swift; path = NetworkClient.swift; sourceTree = "<group>"; };
		3F6806D229CBBE9600B4F915 /* NetworkRequest.swift */ = {isa = PBXFileReference; lastKnownFileType = sourcecode.swift; path = NetworkRequest.swift; sourceTree = "<group>"; };
		3F6806D429CBBEC700B4F915 /* NetworkTask.swift */ = {isa = PBXFileReference; lastKnownFileType = sourcecode.swift; path = NetworkTask.swift; sourceTree = "<group>"; };
		3F6806D629CBC50A00B4F915 /* CellsReusingUtils.swift */ = {isa = PBXFileReference; lastKnownFileType = sourcecode.swift; path = CellsReusingUtils.swift; sourceTree = "<group>"; };
		3FC8C38A29D242E90081F015 /* ProductDetailsTableViewCell.swift */ = {isa = PBXFileReference; lastKnownFileType = sourcecode.swift; path = ProductDetailsTableViewCell.swift; sourceTree = "<group>"; };
		3FC8C39029D2453B0081F015 /* ExampleRequest.swift */ = {isa = PBXFileReference; lastKnownFileType = sourcecode.swift; path = ExampleRequest.swift; sourceTree = "<group>"; };
		3FC8C39229D246BA0081F015 /* DateFormatters+Presets.swift */ = {isa = PBXFileReference; lastKnownFileType = sourcecode.swift; path = "DateFormatters+Presets.swift"; sourceTree = "<group>"; };
		5A03AE5B2B8F5794003CC8A2 /* NFTResult.swift */ = {isa = PBXFileReference; lastKnownFileType = sourcecode.swift; path = NFTResult.swift; sourceTree = "<group>"; };
		5A57F5BD2B796B4500E60F7C /* CatalogDecomposition.md */ = {isa = PBXFileReference; fileEncoding = 4; lastKnownFileType = net.daringfireball.markdown; path = CatalogDecomposition.md; sourceTree = "<group>"; };
		5A5B9EC52B834B020096F7A9 /* CatalogStructs.swift */ = {isa = PBXFileReference; lastKnownFileType = sourcecode.swift; path = CatalogStructs.swift; sourceTree = "<group>"; };
		5A676FC42B7BDC5900D85438 /* NFTCollectionViewController.swift */ = {isa = PBXFileReference; lastKnownFileType = sourcecode.swift; path = NFTCollectionViewController.swift; sourceTree = "<group>"; };
		5A676FC62B7BF09000D85438 /* NFTCollectionViewCell.swift */ = {isa = PBXFileReference; lastKnownFileType = sourcecode.swift; path = NFTCollectionViewCell.swift; sourceTree = "<group>"; };
		5A7868402B95C04E0030DB16 /* CatalogModuleAssembly.swift */ = {isa = PBXFileReference; lastKnownFileType = sourcecode.swift; path = CatalogModuleAssembly.swift; sourceTree = "<group>"; };
		5A7868422B95C4F10030DB16 /* NFTCollectionModuleAssembly.swift */ = {isa = PBXFileReference; lastKnownFileType = sourcecode.swift; path = NFTCollectionModuleAssembly.swift; sourceTree = "<group>"; };
		5A7868562B97826D0030DB16 /* CatalogWebViewViewController.swift */ = {isa = PBXFileReference; lastKnownFileType = sourcecode.swift; path = CatalogWebViewViewController.swift; sourceTree = "<group>"; };
		5A7868582B97A1000030DB16 /* OrderStructs.swift */ = {isa = PBXFileReference; lastKnownFileType = sourcecode.swift; path = OrderStructs.swift; sourceTree = "<group>"; };
		5A78685A2B97A17E0030DB16 /* OrderRequest.swift */ = {isa = PBXFileReference; lastKnownFileType = sourcecode.swift; path = OrderRequest.swift; sourceTree = "<group>"; };
		5A78685C2B97A18E0030DB16 /* OrderService.swift */ = {isa = PBXFileReference; lastKnownFileType = sourcecode.swift; path = OrderService.swift; sourceTree = "<group>"; };
		5A8B528A2B7A9FF600645AA3 /* CatalogViewController.swift */ = {isa = PBXFileReference; lastKnownFileType = sourcecode.swift; path = CatalogViewController.swift; sourceTree = "<group>"; };
		5A8B528D2B7AB01D00645AA3 /* NFTTableViewCell.swift */ = {isa = PBXFileReference; lastKnownFileType = sourcecode.swift; path = NFTTableViewCell.swift; sourceTree = "<group>"; };
		5A8D6E762B878331007A17E5 /* NftModel.swift */ = {isa = PBXFileReference; lastKnownFileType = sourcecode.swift; path = NftModel.swift; sourceTree = "<group>"; };
		5A8D6E782B8795CD007A17E5 /* CollectionsResult.swift */ = {isa = PBXFileReference; lastKnownFileType = sourcecode.swift; path = CollectionsResult.swift; sourceTree = "<group>"; };
		5A8D6E7A2B87960D007A17E5 /* CollectionsModel.swift */ = {isa = PBXFileReference; lastKnownFileType = sourcecode.swift; path = CollectionsModel.swift; sourceTree = "<group>"; };
		5A8D6E7C2B8797F6007A17E5 /* CollectionsService.swift */ = {isa = PBXFileReference; lastKnownFileType = sourcecode.swift; path = CollectionsService.swift; sourceTree = "<group>"; };
		5A8D6E7E2B879883007A17E5 /* CollectionsRequest.swift */ = {isa = PBXFileReference; lastKnownFileType = sourcecode.swift; path = CollectionsRequest.swift; sourceTree = "<group>"; };
		5AD8B3482B7DF21F002D6894 /* CatalogViewPresenter.swift */ = {isa = PBXFileReference; lastKnownFileType = sourcecode.swift; path = CatalogViewPresenter.swift; sourceTree = "<group>"; };
		5AD8B34A2B7DF660002D6894 /* NFTCollectionViewPresenter.swift */ = {isa = PBXFileReference; lastKnownFileType = sourcecode.swift; path = NFTCollectionViewPresenter.swift; sourceTree = "<group>"; };
		5ADD6D032B909136008880A6 /* NFTStorage.swift */ = {isa = PBXFileReference; lastKnownFileType = sourcecode.swift; path = NFTStorage.swift; sourceTree = "<group>"; };
		5ADD6D052B90922C008880A6 /* NFTService.swift */ = {isa = PBXFileReference; lastKnownFileType = sourcecode.swift; path = NFTService.swift; sourceTree = "<group>"; };
		5ADD6D072B909297008880A6 /* NFTRequest.swift */ = {isa = PBXFileReference; lastKnownFileType = sourcecode.swift; path = NFTRequest.swift; sourceTree = "<group>"; };
		5AF0DC272B93360C00533360 /* UserDefaultsManager.swift */ = {isa = PBXFileReference; lastKnownFileType = sourcecode.swift; path = UserDefaultsManager.swift; sourceTree = "<group>"; };
		E19CD5AA2A98B56600CA39A5 /* NftImageCollectionViewCell.swift */ = {isa = PBXFileReference; lastKnownFileType = sourcecode.swift; path = NftImageCollectionViewCell.swift; sourceTree = "<group>"; };
		E1A1B9D92AA01CE400C3AFBC /* TabBarController.swift */ = {isa = PBXFileReference; lastKnownFileType = sourcecode.swift; path = TabBarController.swift; sourceTree = "<group>"; };
		E1CD40D82A96BE7D00BE7FE8 /* ru */ = {isa = PBXFileReference; lastKnownFileType = text.plist.strings; name = ru; path = ru.lproj/Main.strings; sourceTree = "<group>"; };
		E1CD40D92A96BE7D00BE7FE8 /* ru */ = {isa = PBXFileReference; lastKnownFileType = text.plist.strings; name = ru; path = ru.lproj/LaunchScreen.strings; sourceTree = "<group>"; };
		E1CD40DB2A96BECC00BE7FE8 /* Localizable.strings */ = {isa = PBXFileReference; lastKnownFileType = text.plist.strings; path = Localizable.strings; sourceTree = "<group>"; };
/* End PBXFileReference section */

/* Begin PBXFrameworksBuildPhase section */
		3F68069029CBBAF100B4F915 /* Frameworks */ = {
			isa = PBXFrameworksBuildPhase;
			buildActionMask = 2147483647;
			files = (
				3F603CD029DB4A74000C43D7 /* Kingfisher in Frameworks */,
				3F603CCD29DB4A53000C43D7 /* ProgressHUD in Frameworks */,
			);
			runOnlyForDeploymentPostprocessing = 0;
		};
		3F6806A629CBBAF200B4F915 /* Frameworks */ = {
			isa = PBXFrameworksBuildPhase;
			buildActionMask = 2147483647;
			files = (
			);
			runOnlyForDeploymentPostprocessing = 0;
		};
		3F6806B029CBBAF200B4F915 /* Frameworks */ = {
			isa = PBXFrameworksBuildPhase;
			buildActionMask = 2147483647;
			files = (
			);
			runOnlyForDeploymentPostprocessing = 0;
		};
/* End PBXFrameworksBuildPhase section */

/* Begin PBXGroup section */
		0C79EE642A76DDCF00EE90EA /* NftDetails */ = {
			isa = PBXGroup;
			children = (
				E19CD5A92A98B55900CA39A5 /* Cell */,
				0C79EE652A76DDFF00EE90EA /* NftDetailViewController.swift */,
				0C79EE672A76DE0900EE90EA /* NftDetailPresenter.swift */,
				0C79EE692A76DE1000EE90EA /* NftDetailAssembly.swift */,
				0CFCB7432A7802440009A829 /* NftDetailInput.swift */,
			);
			path = NftDetails;
			sourceTree = "<group>";
		};
		0CF2C2D92A783C1600FDC837 /* Common */ = {
			isa = PBXGroup;
			children = (
				0CF2C2DF2A784C5600FDC837 /* Views */,
				0CF2C2DE2A784C4C00FDC837 /* Protocols */,
			);
			path = Common;
			sourceTree = "<group>";
		};
		0CF2C2DE2A784C4C00FDC837 /* Protocols */ = {
			isa = PBXGroup;
			children = (
				0CF2C2DA2A783C1B00FDC837 /* LoadingView.swift */,
				0CF2C2DC2A783CE600FDC837 /* ErrorView.swift */,
			);
			path = Protocols;
			sourceTree = "<group>";
		};
		0CF2C2DF2A784C5600FDC837 /* Views */ = {
			isa = PBXGroup;
			children = (
				0CF2C2E02A784C7000FDC837 /* LinePageControl.swift */,
			);
			path = Views;
			sourceTree = "<group>";
		};
		0CFCB7472A7808870009A829 /* Catalog */ = {
			isa = PBXGroup;
			children = (
				0CFCB7482A7808900009A829 /* TestCatalogController.swift */,
				5A8B528A2B7A9FF600645AA3 /* CatalogViewController.swift */,
				5AD8B3482B7DF21F002D6894 /* CatalogViewPresenter.swift */,
				5A8B528D2B7AB01D00645AA3 /* NFTTableViewCell.swift */,
				5A676FC42B7BDC5900D85438 /* NFTCollectionViewController.swift */,
				5AD8B34A2B7DF660002D6894 /* NFTCollectionViewPresenter.swift */,
				5A676FC62B7BF09000D85438 /* NFTCollectionViewCell.swift */,
				5A8D6E732B8782F1007A17E5 /* CatalogStructs */,
				5AF0DC272B93360C00533360 /* UserDefaultsManager.swift */,
				5A7868402B95C04E0030DB16 /* CatalogModuleAssembly.swift */,
				5A7868422B95C4F10030DB16 /* NFTCollectionModuleAssembly.swift */,
				5A7868562B97826D0030DB16 /* CatalogWebViewViewController.swift */,
			);
			path = Catalog;
			sourceTree = "<group>";
		};
		0CFCB74C2A7817C30009A829 /* MemoryStorage */ = {
			isa = PBXGroup;
			children = (
				0CFCB74D2A7817DC0009A829 /* NftStorageCatalog.swift */,
				5ADD6D032B909136008880A6 /* NFTStorage.swift */,
			);
			path = MemoryStorage;
			sourceTree = "<group>";
		};
		1F3A77D32B7B8C400082CC69 /* Statistics */ = {
			isa = PBXGroup;
			children = (
				1FCE8FE32B87420B0086E727 /* VCs */,
				1F3A77D62B7B97100082CC69 /* Cells */,
				1FCE8FE42B8742200086E727 /* Services */,
				1FCE8FE52B8742360086E727 /* Models */,
			);
			path = Statistics;
			sourceTree = "<group>";
		};
		1F3A77D62B7B97100082CC69 /* Cells */ = {
			isa = PBXGroup;
			children = (
				1F3A77D72B7B97250082CC69 /* StatisticsCell.swift */,
				1FCE8FEA2B89DC870086E727 /* NftUsersCollectionStatisticsViewCell.swift */,
			);
			path = Cells;
			sourceTree = "<group>";
		};
		1FCE8FE32B87420B0086E727 /* VCs */ = {
			isa = PBXGroup;
			children = (
				1FCE8FE12B8741970086E727 /* UserPageStatisticsViewController.swift */,
				1F3A77D42B7B8C550082CC69 /* StatisticsViewController.swift */,
				1FCE8FE62B88B44F0086E727 /* WebViewViewController.swift */,
				1FCE8FE82B89D56F0086E727 /* NftUsersCollectionStatisticsVC.swift */,
			);
			path = VCs;
			sourceTree = "<group>";
		};
		1FCE8FE42B8742200086E727 /* Services */ = {
			isa = PBXGroup;
			children = (
				1F34A19A2B8224CF0005DB01 /* StatisticsService.swift */,
				1F635C3B2B83F8FD00593A57 /* UIBlockingProgressHUD.swift */,
				1FCE8FEE2B8BD10A0086E727 /* EnumSortBy.swift */,
				1F57AE262B935E0F0092909C /* AlertPresenter.swift */,
				1F57AE282B935E750092909C /* AlertPresenterProtocol.swift */,
				1F57AE2A2B935EBD0092909C /* AlertPresenterDelegate.swift */,
			);
			path = Services;
			sourceTree = "<group>";
		};
		1FCE8FE52B8742360086E727 /* Models */ = {
			isa = PBXGroup;
			children = (
				1F635C3D2B851F0700593A57 /* ModelUserProfile.swift */,
				1F34A19D2B8227E30005DB01 /* ModelUserProfileServer.swift */,
				1FCE8FEC2B8B58690086E727 /* ModelNFtByID.swift */,
				1FCE8FF02B8C8E250086E727 /* ModelMainProfile.swift */,
				1F57ADEF2B8F2C0F0092909C /* ModelOrder.swift */,
				1F57AE242B935B5B0092909C /* ModelAlert.swift */,
			);
			path = Models;
			sourceTree = "<group>";
		};
		36D7D56A8C5EB80904416A09 /* Controllers */ = {
			isa = PBXGroup;
			children = (
				36D7D2509D25432B3B80DAC2 /* EditProfileViewController.swift */,
				36D7DF0EC1A5E1E4C3C3158C /* ProfileNFTViewController.swift */,
				36D7D03436AC981C388851DB /* ProfileViewController.swift */,
				36D7DD0248E1E9E94896914C /* WebViewController.swift */,
			);
			path = Controllers;
			sourceTree = "<group>";
		};
		36D7DAECCE55C2D315FDF328 /* Common */ = {
			isa = PBXGroup;
			children = (
				36D7D739E5FBD7072C357601 /* InsetTextField.swift */,
				36D7D7189D8C796C23A1E24D /* NftInput.swift */,
				36D7D51A1CF9100B74528B93 /* NFTViewTypes.swift */,
				36D7DBAEBF4ED308FF317B99 /* ProfileDetailInput.swift */,
				36D7D7FDE0A1BF650B258471 /* WebPresenterInput.swift */,
			);
			path = Common;
			sourceTree = "<group>";
		};
		36D7DBF4166D675958C43680 /* Profile */ = {
			isa = PBXGroup;
			children = (
				36D7D1CD48C2F15B767306ED /* UserProfileConstants.swift */,
				36D7D7E7C2C5138A5921D9A2 /* Profile.swift */,
				36D7DCD24779C44CA4871DDD /* PlaceholderTypes.swift */,
			);
			path = Profile;
			sourceTree = "<group>";
		};
		36D7DD4032E51FC6B57ECF6A /* Docs */ = {
			isa = PBXGroup;
			children = (
				5A57F5BD2B796B4500E60F7C /* CatalogDecomposition.md */,
				36D7D38FE6532421CBA89B9C /* ProfileDecomposition.md */,
				1F3A77D12B7B7ECD0082CC69 /* StatisticsDecomposition.md */,
			);
			path = Docs;
			sourceTree = "<group>";
		};
		36D7DEDE801721FE91390E5D /* Presenters */ = {
			isa = PBXGroup;
			children = (
				36D7D0416BE53649E6436FAC /* ProfileNFTPresenter.swift */,
				36D7D057AA013B9962A45731 /* ProfilePresenter.swift */,
				36D7D537C51D2DFBF68A7F26 /* WebPresenter.swift */,
			);
			path = Presenters;
			sourceTree = "<group>";
		};
		36D7DFB6AEF383D238493C37 /* Views */ = {
			isa = PBXGroup;
			children = (
				36D7D89D54A02EE80A8AE25F /* FavoriteNFTCell.swift */,
				36D7D64029BD2180205A60AA /* MyNFTCell.swift */,
				36D7DC88BAFD65DD867FC2DB /* PlaceholderView.swift */,
				36D7D3E4CF0E83A85A0224E4 /* ProfileDetailsTableViewCell.swift */,
			);
			path = Views;
			sourceTree = "<group>";
		};
		3F478ECD29DB473000F6D39E /* DesignSystem */ = {
			isa = PBXGroup;
			children = (
				3F478ECE29DB474E00F6D39E /* Colors.swift */,
				3F478ED029DB476500F6D39E /* Fonts.swift */,
			);
			path = DesignSystem;
			sourceTree = "<group>";
		};
		3F68068A29CBBAF100B4F915 = {
			isa = PBXGroup;
			children = (
				3F68069529CBBAF100B4F915 /* FakeNFT */,
				3F6806AC29CBBAF200B4F915 /* FakeNFTTests */,
				3F6806B629CBBAF200B4F915 /* FakeNFTUITests */,
				3F68069429CBBAF100B4F915 /* Products */,
			);
			sourceTree = "<group>";
		};
		3F68069429CBBAF100B4F915 /* Products */ = {
			isa = PBXGroup;
			children = (
				3F68069329CBBAF100B4F915 /* FakeNFT.app */,
				3F6806A929CBBAF200B4F915 /* FakeNFTTests.xctest */,
				3F6806B329CBBAF200B4F915 /* FakeNFTUITests.xctest */,
			);
			name = Products;
			sourceTree = "<group>";
		};
		3F68069529CBBAF100B4F915 /* FakeNFT */ = {
			isa = PBXGroup;
			children = (
				3F68069629CBBAF100B4F915 /* AppDelegate.swift */,
				3F68069829CBBAF100B4F915 /* SceneDelegate.swift */,
				E1CD40DA2A96BE9B00BE7FE8 /* Resources */,
				3F478ECD29DB473000F6D39E /* DesignSystem */,
				3F6806CE29CBBD1B00B4F915 /* Foundation */,
				3F6806C929CBBCAF00B4F915 /* Models */,
				3F6806C729CBBC5B00B4F915 /* Scenes  */,
				3F6806C629CBBC4E00B4F915 /* Services */,
				3F6806A429CBBAF200B4F915 /* Info.plist */,
				36D7DD4032E51FC6B57ECF6A /* Docs */,
			);
			path = FakeNFT;
			sourceTree = "<group>";
		};
		3F6806AC29CBBAF200B4F915 /* FakeNFTTests */ = {
			isa = PBXGroup;
			children = (
				3F6806AD29CBBAF200B4F915 /* ExampleUnitTests.swift */,
				36D7D01D3ED4B10197BC4CB0 /* ProfilePresenterSpy.swift */,
				36D7D471B230CDBBF72BB8F4 /* ProfileViewControllerSpy.swift */,
				36D7D514085CDE57DC1D008A /* ProfileViewTests.swift */,
				36D7DACA75AF06236032E0C7 /* MockNetworkClient.swift */,
				36D7D54C9AB352C463A74CA3 /* MockNftStorage.swift */,
				36D7D963DED8E3343A4BB550 /* MockProfileService.swift */,
				36D7DB98507C9322B1593043 /* MockProfileImageService.swift */,
			);
			path = FakeNFTTests;
			sourceTree = "<group>";
		};
		3F6806B629CBBAF200B4F915 /* FakeNFTUITests */ = {
			isa = PBXGroup;
			children = (
				3F6806B729CBBAF200B4F915 /* FakeNFTUITests.swift */,
			);
			path = FakeNFTUITests;
			sourceTree = "<group>";
		};
		3F6806C629CBBC4E00B4F915 /* Services */ = {
			isa = PBXGroup;
			children = (
				3FC8C38F29D245250081F015 /* Requests */,
				0C79EE6B2A76DE2E00EE90EA /* ServicesAssemly.swift */,
				0CFCB73F2A78002A0009A829 /* NftServiceCatalog.swift */,
				5ADD6D052B90922C008880A6 /* NFTService.swift */,
				5A78685C2B97A18E0030DB16 /* OrderService.swift */,
				5A8D6E7C2B8797F6007A17E5 /* CollectionsService.swift */,
				36D7DF04E92964EC814FE1D8 /* ProfileHelper.swift */,
				36D7DD174FB113EABC762A42 /* ProfileService.swift */,
			);
			path = Services;
			sourceTree = "<group>";
		};
		3F6806C729CBBC5B00B4F915 /* Scenes  */ = {
			isa = PBXGroup;
			children = (
				D5ABF6872B778FFF0008EF35 /* Profile */,
				E1A1B9D82AA01C9700C3AFBC /* TabBarController */,
				0CFCB7472A7808870009A829 /* Catalog */,
				1F3A77D32B7B8C400082CC69 /* Statistics */,
				0CF2C2D92A783C1600FDC837 /* Common */,
				0C79EE642A76DDCF00EE90EA /* NftDetails */,
				3F6806C829CBBC8100B4F915 /* ProductDetails */,
			);
			path = "Scenes ";
			sourceTree = "<group>";
		};
		3F6806C829CBBC8100B4F915 /* ProductDetails */ = {
			isa = PBXGroup;
			children = (
				3F68069A29CBBAF100B4F915 /* ProductDetailsTableViewController.swift */,
				3FC8C38A29D242E90081F015 /* ProductDetailsTableViewCell.swift */,
			);
			path = ProductDetails;
			sourceTree = "<group>";
		};
		3F6806C929CBBCAF00B4F915 /* Models */ = {
			isa = PBXGroup;
			children = (
				3F6806D829CC979D00B4F915 /* Network */,
				36D7DBF4166D675958C43680 /* Profile */,
			);
			path = Models;
			sourceTree = "<group>";
		};
		3F6806CE29CBBD1B00B4F915 /* Foundation */ = {
			isa = PBXGroup;
			children = (
				0CFCB74C2A7817C30009A829 /* MemoryStorage */,
				3F6806CF29CBBDB100B4F915 /* NetworkClient */,
				3F6806D629CBC50A00B4F915 /* CellsReusingUtils.swift */,
				3FC8C39229D246BA0081F015 /* DateFormatters+Presets.swift */,
				0CFCB74A2A780EA80009A829 /* UIView+Constraints.swift */,
			);
			path = Foundation;
			sourceTree = "<group>";
		};
		3F6806CF29CBBDB100B4F915 /* NetworkClient */ = {
			isa = PBXGroup;
			children = (
				3F6806D029CBBE6B00B4F915 /* NetworkClient.swift */,
				3F6806D229CBBE9600B4F915 /* NetworkRequest.swift */,
				3F6806D429CBBEC700B4F915 /* NetworkTask.swift */,
			);
			path = NetworkClient;
			sourceTree = "<group>";
		};
		3F6806D829CC979D00B4F915 /* Network */ = {
			isa = PBXGroup;
			children = (
				0CFCB7412A78013E0009A829 /* Nft.swift */,
				36D7D3501B17C873E38ED15B /* ProfileResponse.swift */,
				36D7DF96149FC023FF0D36BE /* ProfileRequest.swift */,
			);
			path = Network;
			sourceTree = "<group>";
		};
		3FC8C38F29D245250081F015 /* Requests */ = {
			isa = PBXGroup;
			children = (
				3FC8C39029D2453B0081F015 /* ExampleRequest.swift */,
				5A78685A2B97A17E0030DB16 /* OrderRequest.swift */,
				5A8D6E7E2B879883007A17E5 /* CollectionsRequest.swift */,
				0C79EE622A76DD1900EE90EA /* RequestConstants.swift */,
				5ADD6D072B909297008880A6 /* NFTRequest.swift */,
				36D7D443CD6F1B058F8674A2 /* FetchProfileRequest.swift */,
				36D7DDCF21FC0E1DA0B328E7 /* UpdateProfileRequest.swift */,
				36D7D7E6E1201D00E02F5B24 /* UpdateLikesRequest.swift */,
			);
			path = Requests;
			sourceTree = "<group>";
		};
		5A8D6E732B8782F1007A17E5 /* CatalogStructs */ = {
			isa = PBXGroup;
			children = (
				5A5B9EC52B834B020096F7A9 /* CatalogStructs.swift */,
				5A8D6E762B878331007A17E5 /* NftModel.swift */,
				5A8D6E782B8795CD007A17E5 /* CollectionsResult.swift */,
				5A8D6E7A2B87960D007A17E5 /* CollectionsModel.swift */,
				5A03AE5B2B8F5794003CC8A2 /* NFTResult.swift */,
				5A7868582B97A1000030DB16 /* OrderStructs.swift */,
			);
			path = CatalogStructs;
			sourceTree = "<group>";
		};
		D5ABF6872B778FFF0008EF35 /* Profile */ = {
			isa = PBXGroup;
			children = (
				36D7DFB6AEF383D238493C37 /* Views */,
				36D7DEDE801721FE91390E5D /* Presenters */,
				36D7D56A8C5EB80904416A09 /* Controllers */,
				36D7DAECCE55C2D315FDF328 /* Common */,
			);
			path = Profile;
			sourceTree = "<group>";
		};
		E19CD5A92A98B55900CA39A5 /* Cell */ = {
			isa = PBXGroup;
			children = (
				0CFCB7452A78064B0009A829 /* NftDetailCellModel.swift */,
				E19CD5AA2A98B56600CA39A5 /* NftImageCollectionViewCell.swift */,
			);
			path = Cell;
			sourceTree = "<group>";
		};
		E1A1B9D82AA01C9700C3AFBC /* TabBarController */ = {
			isa = PBXGroup;
			children = (
				E1A1B9D92AA01CE400C3AFBC /* TabBarController.swift */,
			);
			path = TabBarController;
			sourceTree = "<group>";
		};
		E1CD40DA2A96BE9B00BE7FE8 /* Resources */ = {
			isa = PBXGroup;
			children = (
				3F68069C29CBBAF100B4F915 /* Main.storyboard */,
				3F68069F29CBBAF200B4F915 /* Assets.xcassets */,
				3F6806A129CBBAF200B4F915 /* LaunchScreen.storyboard */,
				E1CD40DB2A96BECC00BE7FE8 /* Localizable.strings */,
			);
			path = Resources;
			sourceTree = "<group>";
		};
/* End PBXGroup section */

/* Begin PBXNativeTarget section */
		3F68069229CBBAF100B4F915 /* FakeNFT */ = {
			isa = PBXNativeTarget;
			buildConfigurationList = 3F6806BD29CBBAF200B4F915 /* Build configuration list for PBXNativeTarget "FakeNFT" */;
			buildPhases = (
				3FC8C39529D24CDB0081F015 /* Swiftlint */,
				3F68068F29CBBAF100B4F915 /* Sources */,
				3F68069029CBBAF100B4F915 /* Frameworks */,
				3F68069129CBBAF100B4F915 /* Resources */,
			);
			buildRules = (
			);
			dependencies = (
			);
			name = FakeNFT;
			packageProductDependencies = (
				3F603CCC29DB4A53000C43D7 /* ProgressHUD */,
				3F603CCF29DB4A74000C43D7 /* Kingfisher */,
			);
			productName = FakeNFT;
			productReference = 3F68069329CBBAF100B4F915 /* FakeNFT.app */;
			productType = "com.apple.product-type.application";
		};
		3F6806A829CBBAF200B4F915 /* FakeNFTTests */ = {
			isa = PBXNativeTarget;
			buildConfigurationList = 3F6806C029CBBAF200B4F915 /* Build configuration list for PBXNativeTarget "FakeNFTTests" */;
			buildPhases = (
				3F6806A529CBBAF200B4F915 /* Sources */,
				3F6806A629CBBAF200B4F915 /* Frameworks */,
				3F6806A729CBBAF200B4F915 /* Resources */,
			);
			buildRules = (
			);
			dependencies = (
				3F6806AB29CBBAF200B4F915 /* PBXTargetDependency */,
			);
			name = FakeNFTTests;
			productName = FakeNFTTests;
			productReference = 3F6806A929CBBAF200B4F915 /* FakeNFTTests.xctest */;
			productType = "com.apple.product-type.bundle.unit-test";
		};
		3F6806B229CBBAF200B4F915 /* FakeNFTUITests */ = {
			isa = PBXNativeTarget;
			buildConfigurationList = 3F6806C329CBBAF200B4F915 /* Build configuration list for PBXNativeTarget "FakeNFTUITests" */;
			buildPhases = (
				3F6806AF29CBBAF200B4F915 /* Sources */,
				3F6806B029CBBAF200B4F915 /* Frameworks */,
				3F6806B129CBBAF200B4F915 /* Resources */,
			);
			buildRules = (
			);
			dependencies = (
				3F6806B529CBBAF200B4F915 /* PBXTargetDependency */,
			);
			name = FakeNFTUITests;
			productName = FakeNFTUITests;
			productReference = 3F6806B329CBBAF200B4F915 /* FakeNFTUITests.xctest */;
			productType = "com.apple.product-type.bundle.ui-testing";
		};
/* End PBXNativeTarget section */

/* Begin PBXProject section */
		3F68068B29CBBAF100B4F915 /* Project object */ = {
			isa = PBXProject;
			attributes = {
				BuildIndependentTargetsInParallel = 1;
				LastSwiftUpdateCheck = 1420;
				LastUpgradeCheck = 1420;
				TargetAttributes = {
					3F68069229CBBAF100B4F915 = {
						CreatedOnToolsVersion = 14.2;
					};
					3F6806A829CBBAF200B4F915 = {
						CreatedOnToolsVersion = 14.2;
						TestTargetID = 3F68069229CBBAF100B4F915;
					};
					3F6806B229CBBAF200B4F915 = {
						CreatedOnToolsVersion = 14.2;
						TestTargetID = 3F68069229CBBAF100B4F915;
					};
				};
			};
			buildConfigurationList = 3F68068E29CBBAF100B4F915 /* Build configuration list for PBXProject "FakeNFT" */;
			compatibilityVersion = "Xcode 14.0";
			developmentRegion = ru;
			hasScannedForEncodings = 0;
			knownRegions = (
				en,
				Base,
				ru,
			);
			mainGroup = 3F68068A29CBBAF100B4F915;
			packageReferences = (
				3F603CCB29DB4A53000C43D7 /* XCRemoteSwiftPackageReference "ProgressHUD" */,
				3F603CCE29DB4A74000C43D7 /* XCRemoteSwiftPackageReference "Kingfisher" */,
			);
			productRefGroup = 3F68069429CBBAF100B4F915 /* Products */;
			projectDirPath = "";
			projectRoot = "";
			targets = (
				3F68069229CBBAF100B4F915 /* FakeNFT */,
				3F6806A829CBBAF200B4F915 /* FakeNFTTests */,
				3F6806B229CBBAF200B4F915 /* FakeNFTUITests */,
			);
		};
/* End PBXProject section */

/* Begin PBXResourcesBuildPhase section */
		3F68069129CBBAF100B4F915 /* Resources */ = {
			isa = PBXResourcesBuildPhase;
			buildActionMask = 2147483647;
			files = (
				3F6806A329CBBAF200B4F915 /* LaunchScreen.storyboard in Resources */,
				5A57F5BE2B796B4500E60F7C /* CatalogDecomposition.md in Resources */,
				E1CD40DC2A96BECC00BE7FE8 /* Localizable.strings in Resources */,
				3F6806A029CBBAF200B4F915 /* Assets.xcassets in Resources */,
				3F68069E29CBBAF100B4F915 /* Main.storyboard in Resources */,
			);
			runOnlyForDeploymentPostprocessing = 0;
		};
		3F6806A729CBBAF200B4F915 /* Resources */ = {
			isa = PBXResourcesBuildPhase;
			buildActionMask = 2147483647;
			files = (
			);
			runOnlyForDeploymentPostprocessing = 0;
		};
		3F6806B129CBBAF200B4F915 /* Resources */ = {
			isa = PBXResourcesBuildPhase;
			buildActionMask = 2147483647;
			files = (
			);
			runOnlyForDeploymentPostprocessing = 0;
		};
/* End PBXResourcesBuildPhase section */

/* Begin PBXShellScriptBuildPhase section */
		3FC8C39529D24CDB0081F015 /* Swiftlint */ = {
			isa = PBXShellScriptBuildPhase;
			buildActionMask = 2147483647;
			files = (
			);
			inputFileListPaths = (
			);
			inputPaths = (
			);
			name = Swiftlint;
			outputFileListPaths = (
			);
			outputPaths = (
			);
			runOnlyForDeploymentPostprocessing = 0;
			shellPath = /bin/sh;
			shellScript = "export PATH=\"$PATH:/opt/homebrew/bin\"\nif which swiftlint > /dev/null; then\n  swiftlint --fix && swiftlint\nelse\n  echo \"warning: SwiftLint not installed, download from https://github.com/realm/SwiftLint\"\nfi\n";
		};
/* End PBXShellScriptBuildPhase section */

/* Begin PBXSourcesBuildPhase section */
		3F68068F29CBBAF100B4F915 /* Sources */ = {
			isa = PBXSourcesBuildPhase;
			buildActionMask = 2147483647;
			files = (
				5A8D6E792B8795CD007A17E5 /* CollectionsResult.swift in Sources */,
				1FCE8FF12B8C8E250086E727 /* ModelMainProfile.swift in Sources */,
				3FC8C38B29D242E90081F015 /* ProductDetailsTableViewCell.swift in Sources */,
				5ADD6D042B909136008880A6 /* NFTStorage.swift in Sources */,
				3F478ECF29DB474E00F6D39E /* Colors.swift in Sources */,
				5ADD6D082B909297008880A6 /* NFTRequest.swift in Sources */,
				5A8D6E7D2B8797F6007A17E5 /* CollectionsService.swift in Sources */,
				5A7868412B95C04E0030DB16 /* CatalogModuleAssembly.swift in Sources */,
				0C79EE662A76DDFF00EE90EA /* NftDetailViewController.swift in Sources */,
				E1A1B9DA2AA01CE400C3AFBC /* TabBarController.swift in Sources */,
				3F478ED129DB476500F6D39E /* Fonts.swift in Sources */,
				0C79EE6A2A76DE1000EE90EA /* NftDetailAssembly.swift in Sources */,
				5A7868592B97A1000030DB16 /* OrderStructs.swift in Sources */,
				1F57ADF02B8F2C0F0092909C /* ModelOrder.swift in Sources */,
				1F3A77D52B7B8C550082CC69 /* StatisticsViewController.swift in Sources */,
				1FCE8FED2B8B58690086E727 /* ModelNFtByID.swift in Sources */,
				1FCE8FE22B8741970086E727 /* UserPageStatisticsViewController.swift in Sources */,
				3FC8C39329D246BA0081F015 /* DateFormatters+Presets.swift in Sources */,
				0CFCB7422A78013E0009A829 /* Nft.swift in Sources */,
				5ADD6D062B90922C008880A6 /* NFTService.swift in Sources */,
				0CF2C2DD2A783CE600FDC837 /* ErrorView.swift in Sources */,
				0C79EE682A76DE0900EE90EA /* NftDetailPresenter.swift in Sources */,
				5A8B528E2B7AB01D00645AA3 /* NFTTableViewCell.swift in Sources */,
				3F68069B29CBBAF100B4F915 /* ProductDetailsTableViewController.swift in Sources */,
				0CFCB7402A78002A0009A829 /* NftServiceCatalog.swift in Sources */,
				5A78685B2B97A17E0030DB16 /* OrderRequest.swift in Sources */,
				5A7868432B95C4F10030DB16 /* NFTCollectionModuleAssembly.swift in Sources */,
				1FCE8FEB2B89DC870086E727 /* NftUsersCollectionStatisticsViewCell.swift in Sources */,
				3F68069B29CBBAF100B4F915 /* ProductDetailsTableViewController.swift in Sources */,
				3F6806D529CBBEC700B4F915 /* NetworkTask.swift in Sources */,
				1F3A77D82B7B97250082CC69 /* StatisticsCell.swift in Sources */,
				0CF2C2DB2A783C1B00FDC837 /* LoadingView.swift in Sources */,
				3F68069729CBBAF100B4F915 /* AppDelegate.swift in Sources */,
				3F68069929CBBAF100B4F915 /* SceneDelegate.swift in Sources */,
				5A8D6E772B878331007A17E5 /* NftModel.swift in Sources */,
				5A8B528B2B7A9FF600645AA3 /* CatalogViewController.swift in Sources */,
				0C79EE6C2A76DE2E00EE90EA /* ServicesAssemly.swift in Sources */,
				0CFCB74E2A7817DC0009A829 /* NftStorageCatalog.swift in Sources */,
				5A5B9EC62B834B020096F7A9 /* CatalogStructs.swift in Sources */,
				5AD8B34B2B7DF660002D6894 /* NFTCollectionViewPresenter.swift in Sources */,
				3FC8C39129D2453B0081F015 /* ExampleRequest.swift in Sources */,
				0CFCB7462A78064B0009A829 /* NftDetailCellModel.swift in Sources */,
				5A676FC72B7BF09000D85438 /* NFTCollectionViewCell.swift in Sources */,
				0CFCB74B2A780EA80009A829 /* UIView+Constraints.swift in Sources */,
				5A03AE5C2B8F5794003CC8A2 /* NFTResult.swift in Sources */,
				1F57AE292B935E750092909C /* AlertPresenterProtocol.swift in Sources */,
				1F34A19B2B8224CF0005DB01 /* StatisticsService.swift in Sources */,
				1FCE8FE92B89D56F0086E727 /* NftUsersCollectionStatisticsVC.swift in Sources */,
				1F57AE2B2B935EBD0092909C /* AlertPresenterDelegate.swift in Sources */,
				1F57AE252B935B5B0092909C /* ModelAlert.swift in Sources */,
				3F6806D729CBC50A00B4F915 /* CellsReusingUtils.swift in Sources */,
				5AF0DC282B93360C00533360 /* UserDefaultsManager.swift in Sources */,
				1F57AE272B935E0F0092909C /* AlertPresenter.swift in Sources */,
				E19CD5AB2A98B56600CA39A5 /* NftImageCollectionViewCell.swift in Sources */,
				0CF2C2E12A784C7000FDC837 /* LinePageControl.swift in Sources */,
				5A8D6E7B2B87960D007A17E5 /* CollectionsModel.swift in Sources */,
				5A8D6E7F2B879883007A17E5 /* CollectionsRequest.swift in Sources */,
				5A7868572B97826E0030DB16 /* CatalogWebViewViewController.swift in Sources */,
				3F6806D329CBBE9600B4F915 /* NetworkRequest.swift in Sources */,
				1F635C3E2B851F0700593A57 /* ModelUserProfile.swift in Sources */,
				0CFCB7492A7808900009A829 /* TestCatalogController.swift in Sources */,
				3F6806D129CBBE6B00B4F915 /* NetworkClient.swift in Sources */,
				5A78685D2B97A18E0030DB16 /* OrderService.swift in Sources */,
				5AD8B3492B7DF21F002D6894 /* CatalogViewPresenter.swift in Sources */,
				0CFCB7442A7802440009A829 /* NftDetailInput.swift in Sources */,
				5A676FC52B7BDC5900D85438 /* NFTCollectionViewController.swift in Sources */,
				1FCE8FE72B88B44F0086E727 /* WebViewViewController.swift in Sources */,
				0C79EE632A76DD1900EE90EA /* RequestConstants.swift in Sources */,
				36D7DA6021BCECC7285CFE32 /* ProfileDecomposition.md in Sources */,
				36D7D85581126CD2D7B3AF75 /* UserProfileConstants.swift in Sources */,
				36D7D0AA00947F41A70DFEDC /* Profile.swift in Sources */,
				36D7DE6223B9DB14E06E027B /* ProfileResponse.swift in Sources */,
				36D7DE1CCFE332A0B4D0F224 /* ProfileRequest.swift in Sources */,
				36D7DA485021B361B607976A /* ProfileHelper.swift in Sources */,
				36D7D83ECF9D60B281CAB98A /* FetchProfileRequest.swift in Sources */,
				36D7DF6DA566424F0289C33C /* UpdateProfileRequest.swift in Sources */,
				36D7D023BD2A3C89979D0870 /* ProfileService.swift in Sources */,
				36D7DCFFC766B0773495B05F /* PlaceholderTypes.swift in Sources */,
				36D7D081F3B147754529DB10 /* UpdateLikesRequest.swift in Sources */,
				36D7DDDA9F3251DDDF3B33A0 /* EditProfileViewController.swift in Sources */,
				36D7DA95064F872ABCF23C9D /* FavoriteNFTCell.swift in Sources */,
				36D7D5536FDAB0755DF7DCD0 /* MyNFTCell.swift in Sources */,
				36D7DD923ED16522286CC48A /* InsetTextField.swift in Sources */,
				36D7D9EA100E83065DB75526 /* NftInput.swift in Sources */,
				36D7DC413FC3215A3C1C794C /* NFTViewTypes.swift in Sources */,
				36D7D4D2D341AF08039E8D2C /* PlaceholderView.swift in Sources */,
				36D7D9D0E49A845332D018B1 /* ProfileDetailInput.swift in Sources */,
				36D7D31C861F33EFAC0C06ED /* ProfileDetailsTableViewCell.swift in Sources */,
				36D7D34AB3D1571A1ABC9326 /* ProfileNFTPresenter.swift in Sources */,
				36D7D961BEAB49341B780A19 /* ProfileNFTViewController.swift in Sources */,
				36D7D747ACDD4A5E197D8834 /* ProfilePresenter.swift in Sources */,
				36D7D73403402D99CF7CFA7B /* ProfileViewController.swift in Sources */,
				36D7D2C0E706FE202D955D94 /* WebPresenter.swift in Sources */,
				36D7D44C7AB13B58D6AE7A1C /* WebPresenterInput.swift in Sources */,
				36D7D51CB43C8541FABB3223 /* WebViewController.swift in Sources */,
				1FCE8FEF2B8BD10A0086E727 /* EnumSortBy.swift in Sources */,
				1F34A19E2B8227E30005DB01 /* ModelUserProfileServer.swift in Sources */,
				1F635C3C2B83F8FD00593A57 /* UIBlockingProgressHUD.swift in Sources */,
			);
			runOnlyForDeploymentPostprocessing = 0;
		};
		3F6806A529CBBAF200B4F915 /* Sources */ = {
			isa = PBXSourcesBuildPhase;
			buildActionMask = 2147483647;
			files = (
				3F6806AE29CBBAF200B4F915 /* ExampleUnitTests.swift in Sources */,
				36D7DE92ADBFA819620CD60C /* ProfilePresenterSpy.swift in Sources */,
				36D7D5B0205D44D9D8EF1CD8 /* ProfileViewControllerSpy.swift in Sources */,
				36D7D11B30DDBFDCD16366B3 /* ProfileViewTests.swift in Sources */,
				36D7DDCA96433C6C2BAE714B /* MockNetworkClient.swift in Sources */,
				36D7DD9C3776CBB16BA6CC76 /* MockNftStorage.swift in Sources */,
				36D7D230DC1A381CFB8D84A3 /* MockProfileService.swift in Sources */,
				36D7DE551E2636FC59562C58 /* MockProfileImageService.swift in Sources */,
			);
			runOnlyForDeploymentPostprocessing = 0;
		};
		3F6806AF29CBBAF200B4F915 /* Sources */ = {
			isa = PBXSourcesBuildPhase;
			buildActionMask = 2147483647;
			files = (
				3F6806B829CBBAF200B4F915 /* FakeNFTUITests.swift in Sources */,
			);
			runOnlyForDeploymentPostprocessing = 0;
		};
/* End PBXSourcesBuildPhase section */

/* Begin PBXTargetDependency section */
		3F6806AB29CBBAF200B4F915 /* PBXTargetDependency */ = {
			isa = PBXTargetDependency;
			target = 3F68069229CBBAF100B4F915 /* FakeNFT */;
			targetProxy = 3F6806AA29CBBAF200B4F915 /* PBXContainerItemProxy */;
		};
		3F6806B529CBBAF200B4F915 /* PBXTargetDependency */ = {
			isa = PBXTargetDependency;
			target = 3F68069229CBBAF100B4F915 /* FakeNFT */;
			targetProxy = 3F6806B429CBBAF200B4F915 /* PBXContainerItemProxy */;
		};
/* End PBXTargetDependency section */

/* Begin PBXVariantGroup section */
		3F68069C29CBBAF100B4F915 /* Main.storyboard */ = {
			isa = PBXVariantGroup;
			children = (
				3F68069D29CBBAF100B4F915 /* Base */,
				E1CD40D82A96BE7D00BE7FE8 /* ru */,
			);
			name = Main.storyboard;
			sourceTree = "<group>";
		};
		3F6806A129CBBAF200B4F915 /* LaunchScreen.storyboard */ = {
			isa = PBXVariantGroup;
			children = (
				3F6806A229CBBAF200B4F915 /* Base */,
				E1CD40D92A96BE7D00BE7FE8 /* ru */,
			);
			name = LaunchScreen.storyboard;
			sourceTree = "<group>";
		};
/* End PBXVariantGroup section */

/* Begin XCBuildConfiguration section */
		3F6806BB29CBBAF200B4F915 /* Debug */ = {
			isa = XCBuildConfiguration;
			buildSettings = {
				ALWAYS_SEARCH_USER_PATHS = NO;
				CLANG_ANALYZER_LOCALIZABILITY_NONLOCALIZED = YES;
				CLANG_ANALYZER_NONNULL = YES;
				CLANG_ANALYZER_NUMBER_OBJECT_CONVERSION = YES_AGGRESSIVE;
				CLANG_CXX_LANGUAGE_STANDARD = "gnu++20";
				CLANG_ENABLE_MODULES = YES;
				CLANG_ENABLE_OBJC_ARC = YES;
				CLANG_ENABLE_OBJC_WEAK = YES;
				CLANG_WARN_BLOCK_CAPTURE_AUTORELEASING = YES;
				CLANG_WARN_BOOL_CONVERSION = YES;
				CLANG_WARN_COMMA = YES;
				CLANG_WARN_CONSTANT_CONVERSION = YES;
				CLANG_WARN_DEPRECATED_OBJC_IMPLEMENTATIONS = YES;
				CLANG_WARN_DIRECT_OBJC_ISA_USAGE = YES_ERROR;
				CLANG_WARN_DOCUMENTATION_COMMENTS = YES;
				CLANG_WARN_EMPTY_BODY = YES;
				CLANG_WARN_ENUM_CONVERSION = YES;
				CLANG_WARN_INFINITE_RECURSION = YES;
				CLANG_WARN_INT_CONVERSION = YES;
				CLANG_WARN_NON_LITERAL_NULL_CONVERSION = YES;
				CLANG_WARN_OBJC_IMPLICIT_RETAIN_SELF = YES;
				CLANG_WARN_OBJC_LITERAL_CONVERSION = YES;
				CLANG_WARN_OBJC_ROOT_CLASS = YES_ERROR;
				CLANG_WARN_QUOTED_INCLUDE_IN_FRAMEWORK_HEADER = YES;
				CLANG_WARN_RANGE_LOOP_ANALYSIS = YES;
				CLANG_WARN_STRICT_PROTOTYPES = YES;
				CLANG_WARN_SUSPICIOUS_MOVE = YES;
				CLANG_WARN_UNGUARDED_AVAILABILITY = YES_AGGRESSIVE;
				CLANG_WARN_UNREACHABLE_CODE = YES;
				CLANG_WARN__DUPLICATE_METHOD_MATCH = YES;
				COPY_PHASE_STRIP = NO;
				DEBUG_INFORMATION_FORMAT = dwarf;
				ENABLE_STRICT_OBJC_MSGSEND = YES;
				ENABLE_TESTABILITY = YES;
				GCC_C_LANGUAGE_STANDARD = gnu11;
				GCC_DYNAMIC_NO_PIC = NO;
				GCC_NO_COMMON_BLOCKS = YES;
				GCC_OPTIMIZATION_LEVEL = 0;
				GCC_PREPROCESSOR_DEFINITIONS = (
					"DEBUG=1",
					"$(inherited)",
				);
				GCC_WARN_64_TO_32_BIT_CONVERSION = YES;
				GCC_WARN_ABOUT_RETURN_TYPE = YES_ERROR;
				GCC_WARN_UNDECLARED_SELECTOR = YES;
				GCC_WARN_UNINITIALIZED_AUTOS = YES_AGGRESSIVE;
				GCC_WARN_UNUSED_FUNCTION = YES;
				GCC_WARN_UNUSED_VARIABLE = YES;
				IPHONEOS_DEPLOYMENT_TARGET = 13.0;
				MTL_ENABLE_DEBUG_INFO = INCLUDE_SOURCE;
				MTL_FAST_MATH = YES;
				ONLY_ACTIVE_ARCH = YES;
				SDKROOT = iphoneos;
				SWIFT_ACTIVE_COMPILATION_CONDITIONS = DEBUG;
				SWIFT_OPTIMIZATION_LEVEL = "-Onone";
			};
			name = Debug;
		};
		3F6806BC29CBBAF200B4F915 /* Release */ = {
			isa = XCBuildConfiguration;
			buildSettings = {
				ALWAYS_SEARCH_USER_PATHS = NO;
				CLANG_ANALYZER_LOCALIZABILITY_NONLOCALIZED = YES;
				CLANG_ANALYZER_NONNULL = YES;
				CLANG_ANALYZER_NUMBER_OBJECT_CONVERSION = YES_AGGRESSIVE;
				CLANG_CXX_LANGUAGE_STANDARD = "gnu++20";
				CLANG_ENABLE_MODULES = YES;
				CLANG_ENABLE_OBJC_ARC = YES;
				CLANG_ENABLE_OBJC_WEAK = YES;
				CLANG_WARN_BLOCK_CAPTURE_AUTORELEASING = YES;
				CLANG_WARN_BOOL_CONVERSION = YES;
				CLANG_WARN_COMMA = YES;
				CLANG_WARN_CONSTANT_CONVERSION = YES;
				CLANG_WARN_DEPRECATED_OBJC_IMPLEMENTATIONS = YES;
				CLANG_WARN_DIRECT_OBJC_ISA_USAGE = YES_ERROR;
				CLANG_WARN_DOCUMENTATION_COMMENTS = YES;
				CLANG_WARN_EMPTY_BODY = YES;
				CLANG_WARN_ENUM_CONVERSION = YES;
				CLANG_WARN_INFINITE_RECURSION = YES;
				CLANG_WARN_INT_CONVERSION = YES;
				CLANG_WARN_NON_LITERAL_NULL_CONVERSION = YES;
				CLANG_WARN_OBJC_IMPLICIT_RETAIN_SELF = YES;
				CLANG_WARN_OBJC_LITERAL_CONVERSION = YES;
				CLANG_WARN_OBJC_ROOT_CLASS = YES_ERROR;
				CLANG_WARN_QUOTED_INCLUDE_IN_FRAMEWORK_HEADER = YES;
				CLANG_WARN_RANGE_LOOP_ANALYSIS = YES;
				CLANG_WARN_STRICT_PROTOTYPES = YES;
				CLANG_WARN_SUSPICIOUS_MOVE = YES;
				CLANG_WARN_UNGUARDED_AVAILABILITY = YES_AGGRESSIVE;
				CLANG_WARN_UNREACHABLE_CODE = YES;
				CLANG_WARN__DUPLICATE_METHOD_MATCH = YES;
				COPY_PHASE_STRIP = NO;
				DEBUG_INFORMATION_FORMAT = "dwarf-with-dsym";
				ENABLE_NS_ASSERTIONS = NO;
				ENABLE_STRICT_OBJC_MSGSEND = YES;
				GCC_C_LANGUAGE_STANDARD = gnu11;
				GCC_NO_COMMON_BLOCKS = YES;
				GCC_WARN_64_TO_32_BIT_CONVERSION = YES;
				GCC_WARN_ABOUT_RETURN_TYPE = YES_ERROR;
				GCC_WARN_UNDECLARED_SELECTOR = YES;
				GCC_WARN_UNINITIALIZED_AUTOS = YES_AGGRESSIVE;
				GCC_WARN_UNUSED_FUNCTION = YES;
				GCC_WARN_UNUSED_VARIABLE = YES;
				IPHONEOS_DEPLOYMENT_TARGET = 13.0;
				MTL_ENABLE_DEBUG_INFO = NO;
				MTL_FAST_MATH = YES;
				SDKROOT = iphoneos;
				SWIFT_COMPILATION_MODE = wholemodule;
				SWIFT_OPTIMIZATION_LEVEL = "-O";
				VALIDATE_PRODUCT = YES;
			};
			name = Release;
		};
		3F6806BE29CBBAF200B4F915 /* Debug */ = {
			isa = XCBuildConfiguration;
			buildSettings = {
				ASSETCATALOG_COMPILER_APPICON_NAME = AppIcon;
				ASSETCATALOG_COMPILER_GLOBAL_ACCENT_COLOR_NAME = AccentColor;
				CODE_SIGN_STYLE = Automatic;
				CURRENT_PROJECT_VERSION = 1;
				DEVELOPMENT_TEAM = J4DY4V3J44;
				GENERATE_INFOPLIST_FILE = YES;
				INFOPLIST_FILE = FakeNFT/Info.plist;
				INFOPLIST_KEY_UIApplicationSupportsIndirectInputEvents = YES;
				INFOPLIST_KEY_UILaunchStoryboardName = LaunchScreen;
				INFOPLIST_KEY_UIMainStoryboardFile = Main;
				INFOPLIST_KEY_UISupportedInterfaceOrientations_iPad = "UIInterfaceOrientationPortrait UIInterfaceOrientationPortraitUpsideDown UIInterfaceOrientationLandscapeLeft UIInterfaceOrientationLandscapeRight";
				INFOPLIST_KEY_UISupportedInterfaceOrientations_iPhone = "UIInterfaceOrientationPortrait UIInterfaceOrientationLandscapeLeft UIInterfaceOrientationLandscapeRight";
				IPHONEOS_DEPLOYMENT_TARGET = 13.0;
				LD_RUNPATH_SEARCH_PATHS = (
					"$(inherited)",
					"@executable_path/Frameworks",
				);
				MARKETING_VERSION = 1.0;
				PRODUCT_BUNDLE_IDENTIFIER = com.practicum.NFT;
				PRODUCT_NAME = "$(TARGET_NAME)";
				SWIFT_EMIT_LOC_STRINGS = YES;
				SWIFT_VERSION = 5.0;
				TARGETED_DEVICE_FAMILY = "1,2";
			};
			name = Debug;
		};
		3F6806BF29CBBAF200B4F915 /* Release */ = {
			isa = XCBuildConfiguration;
			buildSettings = {
				ASSETCATALOG_COMPILER_APPICON_NAME = AppIcon;
				ASSETCATALOG_COMPILER_GLOBAL_ACCENT_COLOR_NAME = AccentColor;
				CODE_SIGN_STYLE = Automatic;
				CURRENT_PROJECT_VERSION = 1;
				DEVELOPMENT_TEAM = J4DY4V3J44;
				GENERATE_INFOPLIST_FILE = YES;
				INFOPLIST_FILE = FakeNFT/Info.plist;
				INFOPLIST_KEY_UIApplicationSupportsIndirectInputEvents = YES;
				INFOPLIST_KEY_UILaunchStoryboardName = LaunchScreen;
				INFOPLIST_KEY_UIMainStoryboardFile = Main;
				INFOPLIST_KEY_UISupportedInterfaceOrientations_iPad = "UIInterfaceOrientationPortrait UIInterfaceOrientationPortraitUpsideDown UIInterfaceOrientationLandscapeLeft UIInterfaceOrientationLandscapeRight";
				INFOPLIST_KEY_UISupportedInterfaceOrientations_iPhone = "UIInterfaceOrientationPortrait UIInterfaceOrientationLandscapeLeft UIInterfaceOrientationLandscapeRight";
				IPHONEOS_DEPLOYMENT_TARGET = 13.0;
				LD_RUNPATH_SEARCH_PATHS = (
					"$(inherited)",
					"@executable_path/Frameworks",
				);
				MARKETING_VERSION = 1.0;
				PRODUCT_BUNDLE_IDENTIFIER = com.practicum.NFT;
				PRODUCT_NAME = "$(TARGET_NAME)";
				SWIFT_EMIT_LOC_STRINGS = YES;
				SWIFT_VERSION = 5.0;
				TARGETED_DEVICE_FAMILY = "1,2";
			};
			name = Release;
		};
		3F6806C129CBBAF200B4F915 /* Debug */ = {
			isa = XCBuildConfiguration;
			buildSettings = {
				ALWAYS_EMBED_SWIFT_STANDARD_LIBRARIES = YES;
				BUNDLE_LOADER = "$(TEST_HOST)";
				CODE_SIGN_STYLE = Automatic;
				CURRENT_PROJECT_VERSION = 1;
				DEVELOPMENT_TEAM = J4DY4V3J44;
				GENERATE_INFOPLIST_FILE = YES;
				IPHONEOS_DEPLOYMENT_TARGET = 16.1;
				MARKETING_VERSION = 1.0;
				PRODUCT_BUNDLE_IDENTIFIER = com.practicum.FakeNFTTests;
				PRODUCT_NAME = "$(TARGET_NAME)";
				SUPPORTED_PLATFORMS = "iphoneos iphonesimulator";
				SUPPORTS_MACCATALYST = NO;
				SUPPORTS_MAC_DESIGNED_FOR_IPHONE_IPAD = NO;
				SWIFT_EMIT_LOC_STRINGS = NO;
				SWIFT_VERSION = 5.0;
				TARGETED_DEVICE_FAMILY = "1,2";
				TEST_HOST = "$(BUILT_PRODUCTS_DIR)/FakeNFT.app/$(BUNDLE_EXECUTABLE_FOLDER_PATH)/FakeNFT";
			};
			name = Debug;
		};
		3F6806C229CBBAF200B4F915 /* Release */ = {
			isa = XCBuildConfiguration;
			buildSettings = {
				ALWAYS_EMBED_SWIFT_STANDARD_LIBRARIES = YES;
				BUNDLE_LOADER = "$(TEST_HOST)";
				CODE_SIGN_STYLE = Automatic;
				CURRENT_PROJECT_VERSION = 1;
				DEVELOPMENT_TEAM = J4DY4V3J44;
				GENERATE_INFOPLIST_FILE = YES;
				IPHONEOS_DEPLOYMENT_TARGET = 16.1;
				MARKETING_VERSION = 1.0;
				PRODUCT_BUNDLE_IDENTIFIER = com.practicum.FakeNFTTests;
				PRODUCT_NAME = "$(TARGET_NAME)";
				SUPPORTED_PLATFORMS = "iphoneos iphonesimulator";
				SUPPORTS_MACCATALYST = NO;
				SUPPORTS_MAC_DESIGNED_FOR_IPHONE_IPAD = NO;
				SWIFT_EMIT_LOC_STRINGS = NO;
				SWIFT_VERSION = 5.0;
				TARGETED_DEVICE_FAMILY = "1,2";
				TEST_HOST = "$(BUILT_PRODUCTS_DIR)/FakeNFT.app/$(BUNDLE_EXECUTABLE_FOLDER_PATH)/FakeNFT";
			};
			name = Release;
		};
		3F6806C429CBBAF200B4F915 /* Debug */ = {
			isa = XCBuildConfiguration;
			buildSettings = {
				ALWAYS_EMBED_SWIFT_STANDARD_LIBRARIES = YES;
				CODE_SIGN_STYLE = Automatic;
				CURRENT_PROJECT_VERSION = 1;
				GENERATE_INFOPLIST_FILE = YES;
				MARKETING_VERSION = 1.0;
				PRODUCT_BUNDLE_IDENTIFIER = com.practicum.FakeNFTUITests;
				PRODUCT_NAME = "$(TARGET_NAME)";
				SWIFT_EMIT_LOC_STRINGS = NO;
				SWIFT_VERSION = 5.0;
				TARGETED_DEVICE_FAMILY = "1,2";
				TEST_TARGET_NAME = FakeNFT;
			};
			name = Debug;
		};
		3F6806C529CBBAF200B4F915 /* Release */ = {
			isa = XCBuildConfiguration;
			buildSettings = {
				ALWAYS_EMBED_SWIFT_STANDARD_LIBRARIES = YES;
				CODE_SIGN_STYLE = Automatic;
				CURRENT_PROJECT_VERSION = 1;
				GENERATE_INFOPLIST_FILE = YES;
				MARKETING_VERSION = 1.0;
				PRODUCT_BUNDLE_IDENTIFIER = com.practicum.FakeNFTUITests;
				PRODUCT_NAME = "$(TARGET_NAME)";
				SWIFT_EMIT_LOC_STRINGS = NO;
				SWIFT_VERSION = 5.0;
				TARGETED_DEVICE_FAMILY = "1,2";
				TEST_TARGET_NAME = FakeNFT;
			};
			name = Release;
		};
/* End XCBuildConfiguration section */

/* Begin XCConfigurationList section */
		3F68068E29CBBAF100B4F915 /* Build configuration list for PBXProject "FakeNFT" */ = {
			isa = XCConfigurationList;
			buildConfigurations = (
				3F6806BB29CBBAF200B4F915 /* Debug */,
				3F6806BC29CBBAF200B4F915 /* Release */,
			);
			defaultConfigurationIsVisible = 0;
			defaultConfigurationName = Release;
		};
		3F6806BD29CBBAF200B4F915 /* Build configuration list for PBXNativeTarget "FakeNFT" */ = {
			isa = XCConfigurationList;
			buildConfigurations = (
				3F6806BE29CBBAF200B4F915 /* Debug */,
				3F6806BF29CBBAF200B4F915 /* Release */,
			);
			defaultConfigurationIsVisible = 0;
			defaultConfigurationName = Release;
		};
		3F6806C029CBBAF200B4F915 /* Build configuration list for PBXNativeTarget "FakeNFTTests" */ = {
			isa = XCConfigurationList;
			buildConfigurations = (
				3F6806C129CBBAF200B4F915 /* Debug */,
				3F6806C229CBBAF200B4F915 /* Release */,
			);
			defaultConfigurationIsVisible = 0;
			defaultConfigurationName = Release;
		};
		3F6806C329CBBAF200B4F915 /* Build configuration list for PBXNativeTarget "FakeNFTUITests" */ = {
			isa = XCConfigurationList;
			buildConfigurations = (
				3F6806C429CBBAF200B4F915 /* Debug */,
				3F6806C529CBBAF200B4F915 /* Release */,
			);
			defaultConfigurationIsVisible = 0;
			defaultConfigurationName = Release;
		};
/* End XCConfigurationList section */

/* Begin XCRemoteSwiftPackageReference section */
		3F603CCB29DB4A53000C43D7 /* XCRemoteSwiftPackageReference "ProgressHUD" */ = {
			isa = XCRemoteSwiftPackageReference;
			repositoryURL = "https://github.com/relatedcode/ProgressHUD";
			requirement = {
				kind = upToNextMajorVersion;
				minimumVersion = 13.0.0;
			};
		};
		3F603CCE29DB4A74000C43D7 /* XCRemoteSwiftPackageReference "Kingfisher" */ = {
			isa = XCRemoteSwiftPackageReference;
			repositoryURL = "https://github.com/onevcat/Kingfisher.git";
			requirement = {
				kind = upToNextMajorVersion;
				minimumVersion = 7.0.0;
			};
		};
/* End XCRemoteSwiftPackageReference section */

/* Begin XCSwiftPackageProductDependency section */
		3F603CCC29DB4A53000C43D7 /* ProgressHUD */ = {
			isa = XCSwiftPackageProductDependency;
			package = 3F603CCB29DB4A53000C43D7 /* XCRemoteSwiftPackageReference "ProgressHUD" */;
			productName = ProgressHUD;
		};
		3F603CCF29DB4A74000C43D7 /* Kingfisher */ = {
			isa = XCSwiftPackageProductDependency;
			package = 3F603CCE29DB4A74000C43D7 /* XCRemoteSwiftPackageReference "Kingfisher" */;
			productName = Kingfisher;
		};
/* End XCSwiftPackageProductDependency section */
	};
	rootObject = 3F68068B29CBBAF100B4F915 /* Project object */;
}
